<?xml version="1.0" encoding="utf-8"?>
<Project ToolsVersion="17.0" xmlns="http://schemas.microsoft.com/developer/msbuild/2003">
  <ItemGroup>
    <ClCompile Include="D:\dev\Engine\build-release\_deps\lua-src\lapi.c">
      <Filter>Source Files</Filter>
    </ClCompile>
    <ClCompile Include="D:\dev\Engine\build-release\_deps\lua-src\lauxlib.c">
      <Filter>Source Files</Filter>
    </ClCompile>
    <ClCompile Include="D:\dev\Engine\build-release\_deps\lua-src\lbaselib.c">
      <Filter>Source Files</Filter>
    </ClCompile>
    <ClCompile Include="D:\dev\Engine\build-release\_deps\lua-src\lcode.c">
      <Filter>Source Files</Filter>
    </ClCompile>
    <ClCompile Include="D:\dev\Engine\build-release\_deps\lua-src\lcorolib.c">
      <Filter>Source Files</Filter>
    </ClCompile>
    <ClCompile Include="D:\dev\Engine\build-release\_deps\lua-src\lctype.c">
      <Filter>Source Files</Filter>
    </ClCompile>
    <ClCompile Include="D:\dev\Engine\build-release\_deps\lua-src\ldblib.c">
      <Filter>Source Files</Filter>
    </ClCompile>
    <ClCompile Include="D:\dev\Engine\build-release\_deps\lua-src\ldebug.c">
      <Filter>Source Files</Filter>
    </ClCompile>
    <ClCompile Include="D:\dev\Engine\build-release\_deps\lua-src\ldo.c">
      <Filter>Source Files</Filter>
    </ClCompile>
    <ClCompile Include="D:\dev\Engine\build-release\_deps\lua-src\ldump.c">
      <Filter>Source Files</Filter>
    </ClCompile>
    <ClCompile Include="D:\dev\Engine\build-release\_deps\lua-src\lfunc.c">
      <Filter>Source Files</Filter>
    </ClCompile>
    <ClCompile Include="D:\dev\Engine\build-release\_deps\lua-src\lgc.c">
      <Filter>Source Files</Filter>
    </ClCompile>
    <ClCompile Include="D:\dev\Engine\build-release\_deps\lua-src\linit.c">
      <Filter>Source Files</Filter>
    </ClCompile>
    <ClCompile Include="D:\dev\Engine\build-release\_deps\lua-src\liolib.c">
      <Filter>Source Files</Filter>
    </ClCompile>
    <ClCompile Include="D:\dev\Engine\build-release\_deps\lua-src\llex.c">
      <Filter>Source Files</Filter>
    </ClCompile>
    <ClCompile Include="D:\dev\Engine\build-release\_deps\lua-src\lmathlib.c">
      <Filter>Source Files</Filter>
    </ClCompile>
    <ClCompile Include="D:\dev\Engine\build-release\_deps\lua-src\lmem.c">
      <Filter>Source Files</Filter>
    </ClCompile>
    <ClCompile Include="D:\dev\Engine\build-release\_deps\lua-src\loadlib.c">
      <Filter>Source Files</Filter>
    </ClCompile>
    <ClCompile Include="D:\dev\Engine\build-release\_deps\lua-src\lobject.c">
      <Filter>Source Files</Filter>
    </ClCompile>
    <ClCompile Include="D:\dev\Engine\build-release\_deps\lua-src\lopcodes.c">
      <Filter>Source Files</Filter>
    </ClCompile>
    <ClCompile Include="D:\dev\Engine\build-release\_deps\lua-src\loslib.c">
      <Filter>Source Files</Filter>
    </ClCompile>
    <ClCompile Include="D:\dev\Engine\build-release\_deps\lua-src\lparser.c">
      <Filter>Source Files</Filter>
    </ClCompile>
    <ClCompile Include="D:\dev\Engine\build-release\_deps\lua-src\lstate.c">
      <Filter>Source Files</Filter>
    </ClCompile>
    <ClCompile Include="D:\dev\Engine\build-release\_deps\lua-src\lstring.c">
      <Filter>Source Files</Filter>
    </ClCompile>
    <ClCompile Include="D:\dev\Engine\build-release\_deps\lua-src\lstrlib.c">
      <Filter>Source Files</Filter>
    </ClCompile>
    <ClCompile Include="D:\dev\Engine\build-release\_deps\lua-src\ltable.c">
      <Filter>Source Files</Filter>
    </ClCompile>
    <ClCompile Include="D:\dev\Engine\build-release\_deps\lua-src\ltablib.c">
      <Filter>Source Files</Filter>
    </ClCompile>
    <ClCompile Include="D:\dev\Engine\build-release\_deps\lua-src\ltm.c">
      <Filter>Source Files</Filter>
    </ClCompile>
    <ClCompile Include="D:\dev\Engine\build-release\_deps\lua-src\lundump.c">
      <Filter>Source Files</Filter>
    </ClCompile>
    <ClCompile Include="D:\dev\Engine\build-release\_deps\lua-src\lutf8lib.c">
      <Filter>Source Files</Filter>
    </ClCompile>
    <ClCompile Include="D:\dev\Engine\build-release\_deps\lua-src\lvm.c">
      <Filter>Source Files</Filter>
    </ClCompile>
    <ClCompile Include="D:\dev\Engine\build-release\_deps\lua-src\lzio.c">
      <Filter>Source Files</Filter>
    </ClCompile>
  </ItemGroup>
  <ItemGroup>
    <CustomBuild Include="D:\dev\Engine\CMakeLists.txt" />
  </ItemGroup>
  <ItemGroup>
    <Filter Include="Source Files">
      <UniqueIdentifier>{A1EF6252-D950-3707-8264-7D676B5FF6DD}</UniqueIdentifier>
    </Filter>
  </ItemGroup>
</Project>
