
Microsoft Visual Studio Solution File, Format Version 12.00
# Visual Studio Version 17
Project("{2150E333-8FDC-42A3-9474-1A3956D46DE8}") = "CMakePredefinedTargets", "CMakePredefinedTargets", "{1149E76D-3E0E-35EE-B21D-1546196A0C30}"
EndProject
Project("{8BC9CEB8-8B4A-11D0-8D11-00A0C91BC942}") = "ALL_BUILD", "ALL_BUILD.vcxproj", "{A8048B9C-A240-360C-B849-774B70BF5281}"
	ProjectSection(ProjectDependencies) = postProject
		{74766DEE-3C5F-3C36-95F1-670F064C8146} = {74766DEE-3C5F-3C36-95F1-670F064C8146}
		{E64B9B67-AAF8-345A-99E5-42829232CC67} = {E64B9B67-AAF8-345A-99E5-42829232CC67}
		{F8E0686E-651B-3B15-B913-C9EF1A37F877} = {F8E0686E-651B-3B15-B913-C9EF1A37F877}
		{A0D774A7-BCCC-3E3F-A63C-EE6208E92A3A} = {A0D774A7-BCCC-3E3F-A63C-EE6208E92A3A}
		{FA087C3A-057B-3817-92F2-C63AF6D00E8A} = {FA087C3A-057B-3817-92F2-C63AF6D00E8A}
		{2854D15A-0B0B-3B87-8E70-947309ACE86E} = {2854D15A-0B0B-3B87-8E70-947309ACE86E}
		{0F5BA96F-2D03-34F0-A4E4-643571D4C403} = {0F5BA96F-2D03-34F0-A4E4-643571D4C403}
		{93A4A84B-9FA5-34A6-AD4C-3650CF71E88D} = {93A4A84B-9FA5-34A6-AD4C-3650CF71E88D}
		{F74174FE-FB9C-3BD8-9FAB-BB3DF98F1DDD} = {F74174FE-FB9C-3BD8-9FAB-BB3DF98F1DDD}
		{0F94DED7-971D-3558-81E8-472182840C4D} = {0F94DED7-971D-3558-81E8-472182840C4D}
		{EB65E7E9-44B5-3BA6-95B9-140AB1DC9D76} = {EB65E7E9-44B5-3BA6-95B9-140AB1DC9D76}
		{F3E5E403-0E9E-3041-B058-8FE93BD8332D} = {F3E5E403-0E9E-3041-B058-8FE93BD8332D}
		{696E6158-1B79-3784-86BA-B4C3A6D8B7D2} = {696E6158-1B79-3784-86BA-B4C3A6D8B7D2}
		{897A5A20-D89B-3C68-91C8-533039311D41} = {897A5A20-D89B-3C68-91C8-533039311D41}
		{60523BE0-69BD-31A7-84B9-A964BD5780FD} = {60523BE0-69BD-31A7-84B9-A964BD5780FD}
		{2DADC748-78EE-3827-917D-3351489E01A9} = {2DADC748-78EE-3827-917D-3351489E01A9}
		{DFD79CBD-84F4-3FA0-A24E-6245232F10C1} = {DFD79CBD-84F4-3FA0-A24E-6245232F10C1}
		{4DA42E18-B263-3E4D-9EAA-C497F52F4F70} = {4DA42E18-B263-3E4D-9EAA-C497F52F4F70}
		{F201B084-B0FD-3F05-85E2-EDD4093DDB90} = {F201B084-B0FD-3F05-85E2-EDD4093DDB90}
		{7AB8E00B-EDFA-3A5C-921F-0C9EC32B8499} = {7AB8E00B-EDFA-3A5C-921F-0C9EC32B8499}
		{A839FDF1-7FE3-3D3C-BA14-ED07C884DAD3} = {A839FDF1-7FE3-3D3C-BA14-ED07C884DAD3}
		{7E865CCC-35B3-3437-A136-CD5B52FBF68D} = {7E865CCC-35B3-3437-A136-CD5B52FBF68D}
		{45E9F419-4CCB-384E-8F25-7B26F7D31AC3} = {45E9F419-4CCB-384E-8F25-7B26F7D31AC3}
		{3FE2FA6C-D76D-3DC1-98B0-A087E582CB49} = {3FE2FA6C-D76D-3DC1-98B0-A087E582CB49}
		{A72AE5A0-2999-3149-B4E3-A7D6126B9CC1} = {A72AE5A0-2999-3149-B4E3-A7D6126B9CC1}
		{C1C24219-54F0-3B65-B2E1-9C809EAFD024} = {C1C24219-54F0-3B65-B2E1-9C809EAFD024}
		{CB8FDAD7-3058-3DB9-9F4E-DD1B6E219E59} = {CB8FDAD7-3058-3DB9-9F4E-DD1B6E219E59}
		{9BB177B5-D4FE-32E6-99BB-3E21BA05E5D5} = {9BB177B5-D4FE-32E6-99BB-3E21BA05E5D5}
		{467002BC-1F5C-365E-95E5-8EDA38B02B3C} = {467002BC-1F5C-365E-95E5-8EDA38B02B3C}
		{C16BD171-9DEC-311B-864A-53D92B978EE0} = {C16BD171-9DEC-311B-864A-53D92B978EE0}
		{55B8EAB0-E8DC-32A3-AE4D-C56885F7E21A} = {55B8EAB0-E8DC-32A3-AE4D-C56885F7E21A}
		{EB125B7D-5575-30CC-B74C-20FEB675944F} = {EB125B7D-5575-30CC-B74C-20FEB675944F}
		{7DEC0979-6AD0-3D58-8312-EA0CC15DB2AE} = {7DEC0979-6AD0-3D58-8312-EA0CC15DB2AE}
		{64DB2C59-76A5-39B6-9A4F-A5EF6EF20B36} = {64DB2C59-76A5-39B6-9A4F-A5EF6EF20B36}
		{3B91E985-B592-3019-B276-AF970293C2D3} = {3B91E985-B592-3019-B276-AF970293C2D3}
		{55F0F92E-8120-36DF-ACBE-F23B9FB1ECDB} = {55F0F92E-8120-36DF-ACBE-F23B9FB1ECDB}
		{C8617B2C-21AA-3209-9C6A-4EBCC3D3112A} = {C8617B2C-21AA-3209-9C6A-4EBCC3D3112A}
		{BD388352-DCFC-3938-A4A1-CCA3C6658204} = {BD388352-DCFC-3938-A4A1-CCA3C6658204}
		{11242D54-1A73-3B3B-9668-2C68658C579B} = {11242D54-1A73-3B3B-9668-2C68658C579B}
		{E7F80AE8-3B45-34DC-88C9-C977C52D92C4} = {E7F80AE8-3B45-34DC-88C9-C977C52D92C4}
		{7E147781-2D7C-3216-A9AF-514C717DC53E} = {7E147781-2D7C-3216-A9AF-514C717DC53E}
		{B4BEFCC0-8B6A-3678-B547-BCEAEC33E08C} = {B4BEFCC0-8B6A-3678-B547-BCEAEC33E08C}
		{996DE0F7-64A0-3EB4-B9D2-BCCD091BA663} = {996DE0F7-64A0-3EB4-B9D2-BCCD091BA663}
		{D47F8AAF-1624-3F34-B8A6-AC6C38AD7393} = {D47F8AAF-1624-3F34-B8A6-AC6C38AD7393}
		{67D85CF7-6FDA-3205-B3D8-7A06112E2BBA} = {67D85CF7-6FDA-3205-B3D8-7A06112E2BBA}
		{7B02E0EF-4F26-3CB2-B7F5-287776335CFF} = {7B02E0EF-4F26-3CB2-B7F5-287776335CFF}
		{F373D674-AFB5-3BDC-9903-02D0E862CDD6} = {F373D674-AFB5-3BDC-9903-02D0E862CDD6}
		{A22D8438-5BAD-3B4E-9DC6-BB7A9AAB27FC} = {A22D8438-5BAD-3B4E-9DC6-BB7A9AAB27FC}
		{DA081244-6DE0-3391-987A-7F9EEC9DEE95} = {DA081244-6DE0-3391-987A-7F9EEC9DEE95}
		{53BD0B34-C42F-34F4-97E4-79F27227CDF1} = {53BD0B34-C42F-34F4-97E4-79F27227CDF1}
		{B18ED66E-CD29-3FE1-99A5-428E8F744265} = {B18ED66E-CD29-3FE1-99A5-428E8F744265}
	EndProjectSection
EndProject
Project("{8BC9CEB8-8B4A-11D0-8D11-00A0C91BC942}") = "RUN_TESTS", "RUN_TESTS.vcxproj", "{CC601F2E-61D4-3C74-AD05-D37C49DE38B7}"
	ProjectSection(ProjectDependencies) = postProject
		{A0D774A7-BCCC-3E3F-A63C-EE6208E92A3A} = {A0D774A7-BCCC-3E3F-A63C-EE6208E92A3A}
	EndProjectSection
EndProject
Project("{8BC9CEB8-8B4A-11D0-8D11-00A0C91BC942}") = "SDL2-static", "_deps\sdl2-build\SDL2-static.vcxproj", "{74766DEE-3C5F-3C36-95F1-670F064C8146}"
	ProjectSection(ProjectDependencies) = postProject
		{A0D774A7-BCCC-3E3F-A63C-EE6208E92A3A} = {A0D774A7-BCCC-3E3F-A63C-EE6208E92A3A}
		{48D87D8B-2138-3353-A4C1-69625BAE9EF1} = {48D87D8B-2138-3353-A4C1-69625BAE9EF1}
	EndProjectSection
EndProject
Project("{8BC9CEB8-8B4A-11D0-8D11-00A0C91BC942}") = "SDL2_test", "_deps\sdl2-build\SDL2_test.vcxproj", "{E64B9B67-AAF8-345A-99E5-42829232CC67}"
	ProjectSection(ProjectDependencies) = postProject
		{A0D774A7-BCCC-3E3F-A63C-EE6208E92A3A} = {A0D774A7-BCCC-3E3F-A63C-EE6208E92A3A}
		{48D87D8B-2138-3353-A4C1-69625BAE9EF1} = {48D87D8B-2138-3353-A4C1-69625BAE9EF1}
	EndProjectSection
EndProject
Project("{8BC9CEB8-8B4A-11D0-8D11-00A0C91BC942}") = "SDL2main", "_deps\sdl2-build\SDL2main.vcxproj", "{F8E0686E-651B-3B15-B913-C9EF1A37F877}"
	ProjectSection(ProjectDependencies) = postProject
		{A0D774A7-BCCC-3E3F-A63C-EE6208E92A3A} = {A0D774A7-BCCC-3E3F-A63C-EE6208E92A3A}
		{48D87D8B-2138-3353-A4C1-69625BAE9EF1} = {48D87D8B-2138-3353-A4C1-69625BAE9EF1}
	EndProjectSection
EndProject
Project("{8BC9CEB8-8B4A-11D0-8D11-00A0C91BC942}") = "ZERO_CHECK", "ZERO_CHECK.vcxproj", "{A0D774A7-BCCC-3E3F-A63C-EE6208E92A3A}"
	ProjectSection(ProjectDependencies) = postProject
	EndProjectSection
EndProject
Project("{8BC9CEB8-8B4A-11D0-8D11-00A0C91BC942}") = "analysis", "analysis.vcxproj", "{B41734AF-3758-3D68-801A-FEC48AA0C241}"
	ProjectSection(ProjectDependencies) = postProject
		{A0D774A7-BCCC-3E3F-A63C-EE6208E92A3A} = {A0D774A7-BCCC-3E3F-A63C-EE6208E92A3A}
	EndProjectSection
EndProject
Project("{8BC9CEB8-8B4A-11D0-8D11-00A0C91BC942}") = "asset_packer", "tools\asset_packer\asset_packer.vcxproj", "{FA087C3A-057B-3817-92F2-C63AF6D00E8A}"
	ProjectSection(ProjectDependencies) = postProject
		{A0D774A7-BCCC-3E3F-A63C-EE6208E92A3A} = {A0D774A7-BCCC-3E3F-A63C-EE6208E92A3A}
	EndProjectSection
EndProject
Project("{8BC9CEB8-8B4A-11D0-8D11-00A0C91BC942}") = "copy_assets", "copy_assets.vcxproj", "{2854D15A-0B0B-3B87-8E70-947309ACE86E}"
	ProjectSection(ProjectDependencies) = postProject
		{A0D774A7-BCCC-3E3F-A63C-EE6208E92A3A} = {A0D774A7-BCCC-3E3F-A63C-EE6208E92A3A}
	EndProjectSection
EndProject
Project("{8BC9CEB8-8B4A-11D0-8D11-00A0C91BC942}") = "engine_audio", "audio\engine_audio.vcxproj", "{0F5BA96F-2D03-34F0-A4E4-643571D4C403}"
	ProjectSection(ProjectDependencies) = postProject
		{74766DEE-3C5F-3C36-95F1-670F064C8146} = {74766DEE-3C5F-3C36-95F1-670F064C8146}
		{A0D774A7-BCCC-3E3F-A63C-EE6208E92A3A} = {A0D774A7-BCCC-3E3F-A63C-EE6208E92A3A}
		{0F94DED7-971D-3558-81E8-472182840C4D} = {0F94DED7-971D-3558-81E8-472182840C4D}
		{A839FDF1-7FE3-3D3C-BA14-ED07C884DAD3} = {A839FDF1-7FE3-3D3C-BA14-ED07C884DAD3}
	EndProjectSection
EndProject
Project("{8BC9CEB8-8B4A-11D0-8D11-00A0C91BC942}") = "engine_bench_ecs_perf", "tests\benchmark\engine_bench_ecs_perf.vcxproj", "{93A4A84B-9FA5-34A6-AD4C-3650CF71E88D}"
	ProjectSection(ProjectDependencies) = postProject
		{74766DEE-3C5F-3C36-95F1-670F064C8146} = {74766DEE-3C5F-3C36-95F1-670F064C8146}
		{A0D774A7-BCCC-3E3F-A63C-EE6208E92A3A} = {A0D774A7-BCCC-3E3F-A63C-EE6208E92A3A}
		{0F94DED7-971D-3558-81E8-472182840C4D} = {0F94DED7-971D-3558-81E8-472182840C4D}
		{A839FDF1-7FE3-3D3C-BA14-ED07C884DAD3} = {A839FDF1-7FE3-3D3C-BA14-ED07C884DAD3}
	EndProjectSection
EndProject
Project("{8BC9CEB8-8B4A-11D0-8D11-00A0C91BC942}") = "engine_bench_physics_perf", "tests\benchmark\engine_bench_physics_perf.vcxproj", "{F74174FE-FB9C-3BD8-9FAB-BB3DF98F1DDD}"
	ProjectSection(ProjectDependencies) = postProject
		{74766DEE-3C5F-3C36-95F1-670F064C8146} = {74766DEE-3C5F-3C36-95F1-670F064C8146}
		{A0D774A7-BCCC-3E3F-A63C-EE6208E92A3A} = {A0D774A7-BCCC-3E3F-A63C-EE6208E92A3A}
		{0F5BA96F-2D03-34F0-A4E4-643571D4C403} = {0F5BA96F-2D03-34F0-A4E4-643571D4C403}
		{0F94DED7-971D-3558-81E8-472182840C4D} = {0F94DED7-971D-3558-81E8-472182840C4D}
		{7AB8E00B-EDFA-3A5C-921F-0C9EC32B8499} = {7AB8E00B-EDFA-3A5C-921F-0C9EC32B8499}
		{A839FDF1-7FE3-3D3C-BA14-ED07C884DAD3} = {A839FDF1-7FE3-3D3C-BA14-ED07C884DAD3}
		{7E865CCC-35B3-3437-A136-CD5B52FBF68D} = {7E865CCC-35B3-3437-A136-CD5B52FBF68D}
		{45E9F419-4CCB-384E-8F25-7B26F7D31AC3} = {45E9F419-4CCB-384E-8F25-7B26F7D31AC3}
		{3FE2FA6C-D76D-3DC1-98B0-A087E582CB49} = {3FE2FA6C-D76D-3DC1-98B0-A087E582CB49}
		{A72AE5A0-2999-3149-B4E3-A7D6126B9CC1} = {A72AE5A0-2999-3149-B4E3-A7D6126B9CC1}
	EndProjectSection
EndProject
Project("{8BC9CEB8-8B4A-11D0-8D11-00A0C91BC942}") = "engine_core", "core\engine_core.vcxproj", "{0F94DED7-971D-3558-81E8-472182840C4D}"
	ProjectSection(ProjectDependencies) = postProject
		{74766DEE-3C5F-3C36-95F1-670F064C8146} = {74766DEE-3C5F-3C36-95F1-670F064C8146}
		{A0D774A7-BCCC-3E3F-A63C-EE6208E92A3A} = {A0D774A7-BCCC-3E3F-A63C-EE6208E92A3A}
	EndProjectSection
EndProject
Project("{8BC9CEB8-8B4A-11D0-8D11-00A0C91BC942}") = "engine_editor", "editor\engine_editor.vcxproj", "{EB65E7E9-44B5-3BA6-95B9-140AB1DC9D76}"
	ProjectSection(ProjectDependencies) = postProject
		{74766DEE-3C5F-3C36-95F1-670F064C8146} = {74766DEE-3C5F-3C36-95F1-670F064C8146}
		{A0D774A7-BCCC-3E3F-A63C-EE6208E92A3A} = {A0D774A7-BCCC-3E3F-A63C-EE6208E92A3A}
		{0F5BA96F-2D03-34F0-A4E4-643571D4C403} = {0F5BA96F-2D03-34F0-A4E4-643571D4C403}
		{0F94DED7-971D-3558-81E8-472182840C4D} = {0F94DED7-971D-3558-81E8-472182840C4D}
		{696E6158-1B79-3784-86BA-B4C3A6D8B7D2} = {696E6158-1B79-3784-86BA-B4C3A6D8B7D2}
		{7AB8E00B-EDFA-3A5C-921F-0C9EC32B8499} = {7AB8E00B-EDFA-3A5C-921F-0C9EC32B8499}
		{A839FDF1-7FE3-3D3C-BA14-ED07C884DAD3} = {A839FDF1-7FE3-3D3C-BA14-ED07C884DAD3}
		{7E865CCC-35B3-3437-A136-CD5B52FBF68D} = {7E865CCC-35B3-3437-A136-CD5B52FBF68D}
		{45E9F419-4CCB-384E-8F25-7B26F7D31AC3} = {45E9F419-4CCB-384E-8F25-7B26F7D31AC3}
		{3FE2FA6C-D76D-3DC1-98B0-A087E582CB49} = {3FE2FA6C-D76D-3DC1-98B0-A087E582CB49}
		{A72AE5A0-2999-3149-B4E3-A7D6126B9CC1} = {A72AE5A0-2999-3149-B4E3-A7D6126B9CC1}
	EndProjectSection
EndProject
Project("{8BC9CEB8-8B4A-11D0-8D11-00A0C91BC942}") = "engine_editor_app", "app\engine_editor_app.vcxproj", "{F3E5E403-0E9E-3041-B058-8FE93BD8332D}"
	ProjectSection(ProjectDependencies) = postProject
		{74766DEE-3C5F-3C36-95F1-670F064C8146} = {74766DEE-3C5F-3C36-95F1-670F064C8146}
		{A0D774A7-BCCC-3E3F-A63C-EE6208E92A3A} = {A0D774A7-BCCC-3E3F-A63C-EE6208E92A3A}
		{0F5BA96F-2D03-34F0-A4E4-643571D4C403} = {0F5BA96F-2D03-34F0-A4E4-643571D4C403}
		{0F94DED7-971D-3558-81E8-472182840C4D} = {0F94DED7-971D-3558-81E8-472182840C4D}
		{EB65E7E9-44B5-3BA6-95B9-140AB1DC9D76} = {EB65E7E9-44B5-3BA6-95B9-140AB1DC9D76}
		{696E6158-1B79-3784-86BA-B4C3A6D8B7D2} = {696E6158-1B79-3784-86BA-B4C3A6D8B7D2}
		{7AB8E00B-EDFA-3A5C-921F-0C9EC32B8499} = {7AB8E00B-EDFA-3A5C-921F-0C9EC32B8499}
		{A839FDF1-7FE3-3D3C-BA14-ED07C884DAD3} = {A839FDF1-7FE3-3D3C-BA14-ED07C884DAD3}
		{7E865CCC-35B3-3437-A136-CD5B52FBF68D} = {7E865CCC-35B3-3437-A136-CD5B52FBF68D}
		{45E9F419-4CCB-384E-8F25-7B26F7D31AC3} = {45E9F419-4CCB-384E-8F25-7B26F7D31AC3}
		{3FE2FA6C-D76D-3DC1-98B0-A087E582CB49} = {3FE2FA6C-D76D-3DC1-98B0-A087E582CB49}
		{A72AE5A0-2999-3149-B4E3-A7D6126B9CC1} = {A72AE5A0-2999-3149-B4E3-A7D6126B9CC1}
	EndProjectSection
EndProject
Project("{8BC9CEB8-8B4A-11D0-8D11-00A0C91BC942}") = "engine_imgui", "engine_imgui.vcxproj", "{696E6158-1B79-3784-86BA-B4C3A6D8B7D2}"
	ProjectSection(ProjectDependencies) = postProject
		{74766DEE-3C5F-3C36-95F1-670F064C8146} = {74766DEE-3C5F-3C36-95F1-670F064C8146}
		{A0D774A7-BCCC-3E3F-A63C-EE6208E92A3A} = {A0D774A7-BCCC-3E3F-A63C-EE6208E92A3A}
	EndProjectSection
EndProject
Project("{8BC9CEB8-8B4A-11D0-8D11-00A0C91BC942}") = "engine_integration_determinism", "tests\integration\engine_integration_determinism.vcxproj", "{897A5A20-D89B-3C68-91C8-533039311D41}"
	ProjectSection(ProjectDependencies) = postProject
		{74766DEE-3C5F-3C36-95F1-670F064C8146} = {74766DEE-3C5F-3C36-95F1-670F064C8146}
		{A0D774A7-BCCC-3E3F-A63C-EE6208E92A3A} = {A0D774A7-BCCC-3E3F-A63C-EE6208E92A3A}
		{0F5BA96F-2D03-34F0-A4E4-643571D4C403} = {0F5BA96F-2D03-34F0-A4E4-643571D4C403}
		{0F94DED7-971D-3558-81E8-472182840C4D} = {0F94DED7-971D-3558-81E8-472182840C4D}
		{7AB8E00B-EDFA-3A5C-921F-0C9EC32B8499} = {7AB8E00B-EDFA-3A5C-921F-0C9EC32B8499}
		{A839FDF1-7FE3-3D3C-BA14-ED07C884DAD3} = {A839FDF1-7FE3-3D3C-BA14-ED07C884DAD3}
		{7E865CCC-35B3-3437-A136-CD5B52FBF68D} = {7E865CCC-35B3-3437-A136-CD5B52FBF68D}
		{45E9F419-4CCB-384E-8F25-7B26F7D31AC3} = {45E9F419-4CCB-384E-8F25-7B26F7D31AC3}
		{3FE2FA6C-D76D-3DC1-98B0-A087E582CB49} = {3FE2FA6C-D76D-3DC1-98B0-A087E582CB49}
		{A72AE5A0-2999-3149-B4E3-A7D6126B9CC1} = {A72AE5A0-2999-3149-B4E3-A7D6126B9CC1}
	EndProjectSection
EndProject
Project("{8BC9CEB8-8B4A-11D0-8D11-00A0C91BC942}") = "engine_integration_ecs", "tests\integration\engine_integration_ecs.vcxproj", "{60523BE0-69BD-31A7-84B9-A964BD5780FD}"
	ProjectSection(ProjectDependencies) = postProject
		{74766DEE-3C5F-3C36-95F1-670F064C8146} = {74766DEE-3C5F-3C36-95F1-670F064C8146}
		{A0D774A7-BCCC-3E3F-A63C-EE6208E92A3A} = {A0D774A7-BCCC-3E3F-A63C-EE6208E92A3A}
		{0F5BA96F-2D03-34F0-A4E4-643571D4C403} = {0F5BA96F-2D03-34F0-A4E4-643571D4C403}
		{0F94DED7-971D-3558-81E8-472182840C4D} = {0F94DED7-971D-3558-81E8-472182840C4D}
		{7AB8E00B-EDFA-3A5C-921F-0C9EC32B8499} = {7AB8E00B-EDFA-3A5C-921F-0C9EC32B8499}
		{A839FDF1-7FE3-3D3C-BA14-ED07C884DAD3} = {A839FDF1-7FE3-3D3C-BA14-ED07C884DAD3}
		{7E865CCC-35B3-3437-A136-CD5B52FBF68D} = {7E865CCC-35B3-3437-A136-CD5B52FBF68D}
		{45E9F419-4CCB-384E-8F25-7B26F7D31AC3} = {45E9F419-4CCB-384E-8F25-7B26F7D31AC3}
		{3FE2FA6C-D76D-3DC1-98B0-A087E582CB49} = {3FE2FA6C-D76D-3DC1-98B0-A087E582CB49}
		{A72AE5A0-2999-3149-B4E3-A7D6126B9CC1} = {A72AE5A0-2999-3149-B4E3-A7D6126B9CC1}
	EndProjectSection
EndProject
Project("{8BC9CEB8-8B4A-11D0-8D11-00A0C91BC942}") = "engine_integration_ecs_stress_50k", "tests\integration\engine_integration_ecs_stress_50k.vcxproj", "{2DADC748-78EE-3827-917D-3351489E01A9}"
	ProjectSection(ProjectDependencies) = postProject
		{74766DEE-3C5F-3C36-95F1-670F064C8146} = {74766DEE-3C5F-3C36-95F1-670F064C8146}
		{A0D774A7-BCCC-3E3F-A63C-EE6208E92A3A} = {A0D774A7-BCCC-3E3F-A63C-EE6208E92A3A}
		{0F5BA96F-2D03-34F0-A4E4-643571D4C403} = {0F5BA96F-2D03-34F0-A4E4-643571D4C403}
		{0F94DED7-971D-3558-81E8-472182840C4D} = {0F94DED7-971D-3558-81E8-472182840C4D}
		{7AB8E00B-EDFA-3A5C-921F-0C9EC32B8499} = {7AB8E00B-EDFA-3A5C-921F-0C9EC32B8499}
		{A839FDF1-7FE3-3D3C-BA14-ED07C884DAD3} = {A839FDF1-7FE3-3D3C-BA14-ED07C884DAD3}
		{7E865CCC-35B3-3437-A136-CD5B52FBF68D} = {7E865CCC-35B3-3437-A136-CD5B52FBF68D}
		{45E9F419-4CCB-384E-8F25-7B26F7D31AC3} = {45E9F419-4CCB-384E-8F25-7B26F7D31AC3}
		{3FE2FA6C-D76D-3DC1-98B0-A087E582CB49} = {3FE2FA6C-D76D-3DC1-98B0-A087E582CB49}
		{A72AE5A0-2999-3149-B4E3-A7D6126B9CC1} = {A72AE5A0-2999-3149-B4E3-A7D6126B9CC1}
	EndProjectSection
EndProject
Project("{8BC9CEB8-8B4A-11D0-8D11-00A0C91BC942}") = "engine_integration_scheduler_stress", "tests\integration\engine_integration_scheduler_stress.vcxproj", "{DFD79CBD-84F4-3FA0-A24E-6245232F10C1}"
	ProjectSection(ProjectDependencies) = postProject
		{74766DEE-3C5F-3C36-95F1-670F064C8146} = {74766DEE-3C5F-3C36-95F1-670F064C8146}
		{A0D774A7-BCCC-3E3F-A63C-EE6208E92A3A} = {A0D774A7-BCCC-3E3F-A63C-EE6208E92A3A}
		{0F94DED7-971D-3558-81E8-472182840C4D} = {0F94DED7-971D-3558-81E8-472182840C4D}
	EndProjectSection
EndProject
Project("{8BC9CEB8-8B4A-11D0-8D11-00A0C91BC942}") = "engine_integration_thread_count_determinism", "tests\integration\engine_integration_thread_count_determinism.vcxproj", "{4DA42E18-B263-3E4D-9EAA-C497F52F4F70}"
	ProjectSection(ProjectDependencies) = postProject
		{74766DEE-3C5F-3C36-95F1-670F064C8146} = {74766DEE-3C5F-3C36-95F1-670F064C8146}
		{A0D774A7-BCCC-3E3F-A63C-EE6208E92A3A} = {A0D774A7-BCCC-3E3F-A63C-EE6208E92A3A}
		{0F5BA96F-2D03-34F0-A4E4-643571D4C403} = {0F5BA96F-2D03-34F0-A4E4-643571D4C403}
		{0F94DED7-971D-3558-81E8-472182840C4D} = {0F94DED7-971D-3558-81E8-472182840C4D}
		{7AB8E00B-EDFA-3A5C-921F-0C9EC32B8499} = {7AB8E00B-EDFA-3A5C-921F-0C9EC32B8499}
		{A839FDF1-7FE3-3D3C-BA14-ED07C884DAD3} = {A839FDF1-7FE3-3D3C-BA14-ED07C884DAD3}
		{7E865CCC-35B3-3437-A136-CD5B52FBF68D} = {7E865CCC-35B3-3437-A136-CD5B52FBF68D}
		{45E9F419-4CCB-384E-8F25-7B26F7D31AC3} = {45E9F419-4CCB-384E-8F25-7B26F7D31AC3}
		{3FE2FA6C-D76D-3DC1-98B0-A087E582CB49} = {3FE2FA6C-D76D-3DC1-98B0-A087E582CB49}
		{A72AE5A0-2999-3149-B4E3-A7D6126B9CC1} = {A72AE5A0-2999-3149-B4E3-A7D6126B9CC1}
	EndProjectSection
EndProject
Project("{8BC9CEB8-8B4A-11D0-8D11-00A0C91BC942}") = "engine_integration_vertical_slice", "tests\integration\engine_integration_vertical_slice.vcxproj", "{F201B084-B0FD-3F05-85E2-EDD4093DDB90}"
	ProjectSection(ProjectDependencies) = postProject
		{74766DEE-3C5F-3C36-95F1-670F064C8146} = {74766DEE-3C5F-3C36-95F1-670F064C8146}
		{A0D774A7-BCCC-3E3F-A63C-EE6208E92A3A} = {A0D774A7-BCCC-3E3F-A63C-EE6208E92A3A}
		{0F5BA96F-2D03-34F0-A4E4-643571D4C403} = {0F5BA96F-2D03-34F0-A4E4-643571D4C403}
		{0F94DED7-971D-3558-81E8-472182840C4D} = {0F94DED7-971D-3558-81E8-472182840C4D}
		{7AB8E00B-EDFA-3A5C-921F-0C9EC32B8499} = {7AB8E00B-EDFA-3A5C-921F-0C9EC32B8499}
		{A839FDF1-7FE3-3D3C-BA14-ED07C884DAD3} = {A839FDF1-7FE3-3D3C-BA14-ED07C884DAD3}
		{7E865CCC-35B3-3437-A136-CD5B52FBF68D} = {7E865CCC-35B3-3437-A136-CD5B52FBF68D}
		{45E9F419-4CCB-384E-8F25-7B26F7D31AC3} = {45E9F419-4CCB-384E-8F25-7B26F7D31AC3}
		{3FE2FA6C-D76D-3DC1-98B0-A087E582CB49} = {3FE2FA6C-D76D-3DC1-98B0-A087E582CB49}
		{A72AE5A0-2999-3149-B4E3-A7D6126B9CC1} = {A72AE5A0-2999-3149-B4E3-A7D6126B9CC1}
	EndProjectSection
EndProject
Project("{8BC9CEB8-8B4A-11D0-8D11-00A0C91BC942}") = "engine_lua", "engine_lua.vcxproj", "{7AB8E00B-EDFA-3A5C-921F-0C9EC32B8499}"
	ProjectSection(ProjectDependencies) = postProject
		{A0D774A7-BCCC-3E3F-A63C-EE6208E92A3A} = {A0D774A7-BCCC-3E3F-A63C-EE6208E92A3A}
	EndProjectSection
EndProject
Project("{8BC9CEB8-8B4A-11D0-8D11-00A0C91BC942}") = "engine_math", "math\engine_math.vcxproj", "{A839FDF1-7FE3-3D3C-BA14-ED07C884DAD3}"
	ProjectSection(ProjectDependencies) = postProject
		{74766DEE-3C5F-3C36-95F1-670F064C8146} = {74766DEE-3C5F-3C36-95F1-670F064C8146}
		{A0D774A7-BCCC-3E3F-A63C-EE6208E92A3A} = {A0D774A7-BCCC-3E3F-A63C-EE6208E92A3A}
		{0F94DED7-971D-3558-81E8-472182840C4D} = {0F94DED7-971D-3558-81E8-472182840C4D}
	EndProjectSection
EndProject
Project("{8BC9CEB8-8B4A-11D0-8D11-00A0C91BC942}") = "engine_physics", "physics\engine_physics.vcxproj", "{7E865CCC-35B3-3437-A136-CD5B52FBF68D}"
	ProjectSection(ProjectDependencies) = postProject
		{74766DEE-3C5F-3C36-95F1-670F064C8146} = {74766DEE-3C5F-3C36-95F1-670F064C8146}
		{A0D774A7-BCCC-3E3F-A63C-EE6208E92A3A} = {A0D774A7-BCCC-3E3F-A63C-EE6208E92A3A}
		{0F94DED7-971D-3558-81E8-472182840C4D} = {0F94DED7-971D-3558-81E8-472182840C4D}
		{A839FDF1-7FE3-3D3C-BA14-ED07C884DAD3} = {A839FDF1-7FE3-3D3C-BA14-ED07C884DAD3}
	EndProjectSection
EndProject
Project("{8BC9CEB8-8B4A-11D0-8D11-00A0C91BC942}") = "engine_renderer", "renderer\engine_renderer.vcxproj", "{45E9F419-4CCB-384E-8F25-7B26F7D31AC3}"
	ProjectSection(ProjectDependencies) = postProject
		{74766DEE-3C5F-3C36-95F1-670F064C8146} = {74766DEE-3C5F-3C36-95F1-670F064C8146}
		{A0D774A7-BCCC-3E3F-A63C-EE6208E92A3A} = {A0D774A7-BCCC-3E3F-A63C-EE6208E92A3A}
		{0F94DED7-971D-3558-81E8-472182840C4D} = {0F94DED7-971D-3558-81E8-472182840C4D}
		{A839FDF1-7FE3-3D3C-BA14-ED07C884DAD3} = {A839FDF1-7FE3-3D3C-BA14-ED07C884DAD3}
	EndProjectSection
EndProject
Project("{8BC9CEB8-8B4A-11D0-8D11-00A0C91BC942}") = "engine_runtime", "runtime\engine_runtime.vcxproj", "{3FE2FA6C-D76D-3DC1-98B0-A087E582CB49}"
	ProjectSection(ProjectDependencies) = postProject
		{74766DEE-3C5F-3C36-95F1-670F064C8146} = {74766DEE-3C5F-3C36-95F1-670F064C8146}
		{A0D774A7-BCCC-3E3F-A63C-EE6208E92A3A} = {A0D774A7-BCCC-3E3F-A63C-EE6208E92A3A}
		{0F5BA96F-2D03-34F0-A4E4-643571D4C403} = {0F5BA96F-2D03-34F0-A4E4-643571D4C403}
		{0F94DED7-971D-3558-81E8-472182840C4D} = {0F94DED7-971D-3558-81E8-472182840C4D}
		{7AB8E00B-EDFA-3A5C-921F-0C9EC32B8499} = {7AB8E00B-EDFA-3A5C-921F-0C9EC32B8499}
		{A839FDF1-7FE3-3D3C-BA14-ED07C884DAD3} = {A839FDF1-7FE3-3D3C-BA14-ED07C884DAD3}
		{7E865CCC-35B3-3437-A136-CD5B52FBF68D} = {7E865CCC-35B3-3437-A136-CD5B52FBF68D}
		{45E9F419-4CCB-384E-8F25-7B26F7D31AC3} = {45E9F419-4CCB-384E-8F25-7B26F7D31AC3}
		{A72AE5A0-2999-3149-B4E3-A7D6126B9CC1} = {A72AE5A0-2999-3149-B4E3-A7D6126B9CC1}
	EndProjectSection
EndProject
Project("{8BC9CEB8-8B4A-11D0-8D11-00A0C91BC942}") = "engine_scripting", "scripting\engine_scripting.vcxproj", "{A72AE5A0-2999-3149-B4E3-A7D6126B9CC1}"
	ProjectSection(ProjectDependencies) = postProject
		{74766DEE-3C5F-3C36-95F1-670F064C8146} = {74766DEE-3C5F-3C36-95F1-670F064C8146}
		{A0D774A7-BCCC-3E3F-A63C-EE6208E92A3A} = {A0D774A7-BCCC-3E3F-A63C-EE6208E92A3A}
		{0F94DED7-971D-3558-81E8-472182840C4D} = {0F94DED7-971D-3558-81E8-472182840C4D}
		{7AB8E00B-EDFA-3A5C-921F-0C9EC32B8499} = {7AB8E00B-EDFA-3A5C-921F-0C9EC32B8499}
		{A839FDF1-7FE3-3D3C-BA14-ED07C884DAD3} = {A839FDF1-7FE3-3D3C-BA14-ED07C884DAD3}
	EndProjectSection
EndProject
Project("{8BC9CEB8-8B4A-11D0-8D11-00A0C91BC942}") = "engine_smoke", "tests\smoke\engine_smoke.vcxproj", "{C1C24219-54F0-3B65-B2E1-9C809EAFD024}"
	ProjectSection(ProjectDependencies) = postProject
		{74766DEE-3C5F-3C36-95F1-670F064C8146} = {74766DEE-3C5F-3C36-95F1-670F064C8146}
		{A0D774A7-BCCC-3E3F-A63C-EE6208E92A3A} = {A0D774A7-BCCC-3E3F-A63C-EE6208E92A3A}
		{0F5BA96F-2D03-34F0-A4E4-643571D4C403} = {0F5BA96F-2D03-34F0-A4E4-643571D4C403}
		{0F94DED7-971D-3558-81E8-472182840C4D} = {0F94DED7-971D-3558-81E8-472182840C4D}
		{7AB8E00B-EDFA-3A5C-921F-0C9EC32B8499} = {7AB8E00B-EDFA-3A5C-921F-0C9EC32B8499}
		{A839FDF1-7FE3-3D3C-BA14-ED07C884DAD3} = {A839FDF1-7FE3-3D3C-BA14-ED07C884DAD3}
		{7E865CCC-35B3-3437-A136-CD5B52FBF68D} = {7E865CCC-35B3-3437-A136-CD5B52FBF68D}
		{45E9F419-4CCB-384E-8F25-7B26F7D31AC3} = {45E9F419-4CCB-384E-8F25-7B26F7D31AC3}
		{3FE2FA6C-D76D-3DC1-98B0-A087E582CB49} = {3FE2FA6C-D76D-3DC1-98B0-A087E582CB49}
		{A72AE5A0-2999-3149-B4E3-A7D6126B9CC1} = {A72AE5A0-2999-3149-B4E3-A7D6126B9CC1}
	EndProjectSection
EndProject
Project("{8BC9CEB8-8B4A-11D0-8D11-00A0C91BC942}") = "engine_unit_asset_database", "tests\unit\engine_unit_asset_database.vcxproj", "{CB8FDAD7-3058-3DB9-9F4E-DD1B6E219E59}"
	ProjectSection(ProjectDependencies) = postProject
		{74766DEE-3C5F-3C36-95F1-670F064C8146} = {74766DEE-3C5F-3C36-95F1-670F064C8146}
		{A0D774A7-BCCC-3E3F-A63C-EE6208E92A3A} = {A0D774A7-BCCC-3E3F-A63C-EE6208E92A3A}
		{0F94DED7-971D-3558-81E8-472182840C4D} = {0F94DED7-971D-3558-81E8-472182840C4D}
		{A839FDF1-7FE3-3D3C-BA14-ED07C884DAD3} = {A839FDF1-7FE3-3D3C-BA14-ED07C884DAD3}
		{45E9F419-4CCB-384E-8F25-7B26F7D31AC3} = {45E9F419-4CCB-384E-8F25-7B26F7D31AC3}
	EndProjectSection
EndProject
Project("{8BC9CEB8-8B4A-11D0-8D11-00A0C91BC942}") = "engine_unit_asset_manager", "tests\unit\engine_unit_asset_manager.vcxproj", "{9BB177B5-D4FE-32E6-99BB-3E21BA05E5D5}"
	ProjectSection(ProjectDependencies) = postProject
		{74766DEE-3C5F-3C36-95F1-670F064C8146} = {74766DEE-3C5F-3C36-95F1-670F064C8146}
		{A0D774A7-BCCC-3E3F-A63C-EE6208E92A3A} = {A0D774A7-BCCC-3E3F-A63C-EE6208E92A3A}
		{0F94DED7-971D-3558-81E8-472182840C4D} = {0F94DED7-971D-3558-81E8-472182840C4D}
		{A839FDF1-7FE3-3D3C-BA14-ED07C884DAD3} = {A839FDF1-7FE3-3D3C-BA14-ED07C884DAD3}
		{45E9F419-4CCB-384E-8F25-7B26F7D31AC3} = {45E9F419-4CCB-384E-8F25-7B26F7D31AC3}
	EndProjectSection
EndProject
Project("{8BC9CEB8-8B4A-11D0-8D11-00A0C91BC942}") = "engine_unit_audio", "tests\unit\engine_unit_audio.vcxproj", "{467002BC-1F5C-365E-95E5-8EDA38B02B3C}"
	ProjectSection(ProjectDependencies) = postProject
		{74766DEE-3C5F-3C36-95F1-670F064C8146} = {74766DEE-3C5F-3C36-95F1-670F064C8146}
		{A0D774A7-BCCC-3E3F-A63C-EE6208E92A3A} = {A0D774A7-BCCC-3E3F-A63C-EE6208E92A3A}
		{0F5BA96F-2D03-34F0-A4E4-643571D4C403} = {0F5BA96F-2D03-34F0-A4E4-643571D4C403}
		{0F94DED7-971D-3558-81E8-472182840C4D} = {0F94DED7-971D-3558-81E8-472182840C4D}
		{A839FDF1-7FE3-3D3C-BA14-ED07C884DAD3} = {A839FDF1-7FE3-3D3C-BA14-ED07C884DAD3}
	EndProjectSection
EndProject
Project("{8BC9CEB8-8B4A-11D0-8D11-00A0C91BC942}") = "engine_unit_cvar_console", "tests\unit\engine_unit_cvar_console.vcxproj", "{C16BD171-9DEC-311B-864A-53D92B978EE0}"
	ProjectSection(ProjectDependencies) = postProject
		{74766DEE-3C5F-3C36-95F1-670F064C8146} = {74766DEE-3C5F-3C36-95F1-670F064C8146}
		{A0D774A7-BCCC-3E3F-A63C-EE6208E92A3A} = {A0D774A7-BCCC-3E3F-A63C-EE6208E92A3A}
		{0F94DED7-971D-3558-81E8-472182840C4D} = {0F94DED7-971D-3558-81E8-472182840C4D}
	EndProjectSection
EndProject
Project("{8BC9CEB8-8B4A-11D0-8D11-00A0C91BC942}") = "engine_unit_debug_draw", "tests\unit\engine_unit_debug_draw.vcxproj", "{55B8EAB0-E8DC-32A3-AE4D-C56885F7E21A}"
	ProjectSection(ProjectDependencies) = postProject
		{74766DEE-3C5F-3C36-95F1-670F064C8146} = {74766DEE-3C5F-3C36-95F1-670F064C8146}
		{A0D774A7-BCCC-3E3F-A63C-EE6208E92A3A} = {A0D774A7-BCCC-3E3F-A63C-EE6208E92A3A}
		{0F94DED7-971D-3558-81E8-472182840C4D} = {0F94DED7-971D-3558-81E8-472182840C4D}
	EndProjectSection
EndProject
Project("{8BC9CEB8-8B4A-11D0-8D11-00A0C91BC942}") = "engine_unit_determinism", "tests\unit\engine_unit_determinism.vcxproj", "{EB125B7D-5575-30CC-B74C-20FEB675944F}"
	ProjectSection(ProjectDependencies) = postProject
		{74766DEE-3C5F-3C36-95F1-670F064C8146} = {74766DEE-3C5F-3C36-95F1-670F064C8146}
		{A0D774A7-BCCC-3E3F-A63C-EE6208E92A3A} = {A0D774A7-BCCC-3E3F-A63C-EE6208E92A3A}
		{0F5BA96F-2D03-34F0-A4E4-643571D4C403} = {0F5BA96F-2D03-34F0-A4E4-643571D4C403}
		{0F94DED7-971D-3558-81E8-472182840C4D} = {0F94DED7-971D-3558-81E8-472182840C4D}
		{7AB8E00B-EDFA-3A5C-921F-0C9EC32B8499} = {7AB8E00B-EDFA-3A5C-921F-0C9EC32B8499}
		{A839FDF1-7FE3-3D3C-BA14-ED07C884DAD3} = {A839FDF1-7FE3-3D3C-BA14-ED07C884DAD3}
		{7E865CCC-35B3-3437-A136-CD5B52FBF68D} = {7E865CCC-35B3-3437-A136-CD5B52FBF68D}
		{45E9F419-4CCB-384E-8F25-7B26F7D31AC3} = {45E9F419-4CCB-384E-8F25-7B26F7D31AC3}
		{3FE2FA6C-D76D-3DC1-98B0-A087E582CB49} = {3FE2FA6C-D76D-3DC1-98B0-A087E582CB49}
		{A72AE5A0-2999-3149-B4E3-A7D6126B9CC1} = {A72AE5A0-2999-3149-B4E3-A7D6126B9CC1}
	EndProjectSection
EndProject
Project("{8BC9CEB8-8B4A-11D0-8D11-00A0C91BC942}") = "engine_unit_ecs_stress", "tests\unit\engine_unit_ecs_stress.vcxproj", "{7DEC0979-6AD0-3D58-8312-EA0CC15DB2AE}"
	ProjectSection(ProjectDependencies) = postProject
		{74766DEE-3C5F-3C36-95F1-670F064C8146} = {74766DEE-3C5F-3C36-95F1-670F064C8146}
		{A0D774A7-BCCC-3E3F-A63C-EE6208E92A3A} = {A0D774A7-BCCC-3E3F-A63C-EE6208E92A3A}
		{0F5BA96F-2D03-34F0-A4E4-643571D4C403} = {0F5BA96F-2D03-34F0-A4E4-643571D4C403}
		{0F94DED7-971D-3558-81E8-472182840C4D} = {0F94DED7-971D-3558-81E8-472182840C4D}
		{7AB8E00B-EDFA-3A5C-921F-0C9EC32B8499} = {7AB8E00B-EDFA-3A5C-921F-0C9EC32B8499}
		{A839FDF1-7FE3-3D3C-BA14-ED07C884DAD3} = {A839FDF1-7FE3-3D3C-BA14-ED07C884DAD3}
		{7E865CCC-35B3-3437-A136-CD5B52FBF68D} = {7E865CCC-35B3-3437-A136-CD5B52FBF68D}
		{45E9F419-4CCB-384E-8F25-7B26F7D31AC3} = {45E9F419-4CCB-384E-8F25-7B26F7D31AC3}
		{3FE2FA6C-D76D-3DC1-98B0-A087E582CB49} = {3FE2FA6C-D76D-3DC1-98B0-A087E582CB49}
		{A72AE5A0-2999-3149-B4E3-A7D6126B9CC1} = {A72AE5A0-2999-3149-B4E3-A7D6126B9CC1}
	EndProjectSection
EndProject
Project("{8BC9CEB8-8B4A-11D0-8D11-00A0C91BC942}") = "engine_unit_engine_stats", "tests\unit\engine_unit_engine_stats.vcxproj", "{64DB2C59-76A5-39B6-9A4F-A5EF6EF20B36}"
	ProjectSection(ProjectDependencies) = postProject
		{74766DEE-3C5F-3C36-95F1-670F064C8146} = {74766DEE-3C5F-3C36-95F1-670F064C8146}
		{A0D774A7-BCCC-3E3F-A63C-EE6208E92A3A} = {A0D774A7-BCCC-3E3F-A63C-EE6208E92A3A}
		{0F94DED7-971D-3558-81E8-472182840C4D} = {0F94DED7-971D-3558-81E8-472182840C4D}
	EndProjectSection
EndProject
Project("{8BC9CEB8-8B4A-11D0-8D11-00A0C91BC942}") = "engine_unit_event_bus", "tests\unit\engine_unit_event_bus.vcxproj", "{3B91E985-B592-3019-B276-AF970293C2D3}"
	ProjectSection(ProjectDependencies) = postProject
		{74766DEE-3C5F-3C36-95F1-670F064C8146} = {74766DEE-3C5F-3C36-95F1-670F064C8146}
		{A0D774A7-BCCC-3E3F-A63C-EE6208E92A3A} = {A0D774A7-BCCC-3E3F-A63C-EE6208E92A3A}
		{0F94DED7-971D-3558-81E8-472182840C4D} = {0F94DED7-971D-3558-81E8-472182840C4D}
	EndProjectSection
EndProject
Project("{8BC9CEB8-8B4A-11D0-8D11-00A0C91BC942}") = "engine_unit_foundation", "tests\unit\engine_unit_foundation.vcxproj", "{55F0F92E-8120-36DF-ACBE-F23B9FB1ECDB}"
	ProjectSection(ProjectDependencies) = postProject
		{74766DEE-3C5F-3C36-95F1-670F064C8146} = {74766DEE-3C5F-3C36-95F1-670F064C8146}
		{A0D774A7-BCCC-3E3F-A63C-EE6208E92A3A} = {A0D774A7-BCCC-3E3F-A63C-EE6208E92A3A}
		{0F94DED7-971D-3558-81E8-472182840C4D} = {0F94DED7-971D-3558-81E8-472182840C4D}
		{A839FDF1-7FE3-3D3C-BA14-ED07C884DAD3} = {A839FDF1-7FE3-3D3C-BA14-ED07C884DAD3}
	EndProjectSection
EndProject
Project("{8BC9CEB8-8B4A-11D0-8D11-00A0C91BC942}") = "engine_unit_gpu_profiler", "tests\unit\engine_unit_gpu_profiler.vcxproj", "{C8617B2C-21AA-3209-9C6A-4EBCC3D3112A}"
	ProjectSection(ProjectDependencies) = postProject
		{74766DEE-3C5F-3C36-95F1-670F064C8146} = {74766DEE-3C5F-3C36-95F1-670F064C8146}
		{A0D774A7-BCCC-3E3F-A63C-EE6208E92A3A} = {A0D774A7-BCCC-3E3F-A63C-EE6208E92A3A}
		{0F94DED7-971D-3558-81E8-472182840C4D} = {0F94DED7-971D-3558-81E8-472182840C4D}
		{A839FDF1-7FE3-3D3C-BA14-ED07C884DAD3} = {A839FDF1-7FE3-3D3C-BA14-ED07C884DAD3}
		{45E9F419-4CCB-384E-8F25-7B26F7D31AC3} = {45E9F419-4CCB-384E-8F25-7B26F7D31AC3}
	EndProjectSection
EndProject
Project("{8BC9CEB8-8B4A-11D0-8D11-00A0C91BC942}") = "engine_unit_input", "tests\unit\engine_unit_input.vcxproj", "{BD388352-DCFC-3938-A4A1-CCA3C6658204}"
	ProjectSection(ProjectDependencies) = postProject
		{74766DEE-3C5F-3C36-95F1-670F064C8146} = {74766DEE-3C5F-3C36-95F1-670F064C8146}
		{A0D774A7-BCCC-3E3F-A63C-EE6208E92A3A} = {A0D774A7-BCCC-3E3F-A63C-EE6208E92A3A}
		{0F94DED7-971D-3558-81E8-472182840C4D} = {0F94DED7-971D-3558-81E8-472182840C4D}
	EndProjectSection
EndProject
Project("{8BC9CEB8-8B4A-11D0-8D11-00A0C91BC942}") = "engine_unit_math", "tests\unit\engine_unit_math.vcxproj", "{11242D54-1A73-3B3B-9668-2C68658C579B}"
	ProjectSection(ProjectDependencies) = postProject
		{74766DEE-3C5F-3C36-95F1-670F064C8146} = {74766DEE-3C5F-3C36-95F1-670F064C8146}
		{A0D774A7-BCCC-3E3F-A63C-EE6208E92A3A} = {A0D774A7-BCCC-3E3F-A63C-EE6208E92A3A}
		{0F94DED7-971D-3558-81E8-472182840C4D} = {0F94DED7-971D-3558-81E8-472182840C4D}
		{A839FDF1-7FE3-3D3C-BA14-ED07C884DAD3} = {A839FDF1-7FE3-3D3C-BA14-ED07C884DAD3}
	EndProjectSection
EndProject
Project("{8BC9CEB8-8B4A-11D0-8D11-00A0C91BC942}") = "engine_unit_mesh_loader", "tests\unit\engine_unit_mesh_loader.vcxproj", "{E7F80AE8-3B45-34DC-88C9-C977C52D92C4}"
	ProjectSection(ProjectDependencies) = postProject
		{74766DEE-3C5F-3C36-95F1-670F064C8146} = {74766DEE-3C5F-3C36-95F1-670F064C8146}
		{A0D774A7-BCCC-3E3F-A63C-EE6208E92A3A} = {A0D774A7-BCCC-3E3F-A63C-EE6208E92A3A}
		{0F94DED7-971D-3558-81E8-472182840C4D} = {0F94DED7-971D-3558-81E8-472182840C4D}
		{A839FDF1-7FE3-3D3C-BA14-ED07C884DAD3} = {A839FDF1-7FE3-3D3C-BA14-ED07C884DAD3}
		{45E9F419-4CCB-384E-8F25-7B26F7D31AC3} = {45E9F419-4CCB-384E-8F25-7B26F7D31AC3}
	EndProjectSection
EndProject
Project("{8BC9CEB8-8B4A-11D0-8D11-00A0C91BC942}") = "engine_unit_physics", "tests\unit\engine_unit_physics.vcxproj", "{7E147781-2D7C-3216-A9AF-514C717DC53E}"
	ProjectSection(ProjectDependencies) = postProject
		{74766DEE-3C5F-3C36-95F1-670F064C8146} = {74766DEE-3C5F-3C36-95F1-670F064C8146}
		{A0D774A7-BCCC-3E3F-A63C-EE6208E92A3A} = {A0D774A7-BCCC-3E3F-A63C-EE6208E92A3A}
		{0F5BA96F-2D03-34F0-A4E4-643571D4C403} = {0F5BA96F-2D03-34F0-A4E4-643571D4C403}
		{0F94DED7-971D-3558-81E8-472182840C4D} = {0F94DED7-971D-3558-81E8-472182840C4D}
		{7AB8E00B-EDFA-3A5C-921F-0C9EC32B8499} = {7AB8E00B-EDFA-3A5C-921F-0C9EC32B8499}
		{A839FDF1-7FE3-3D3C-BA14-ED07C884DAD3} = {A839FDF1-7FE3-3D3C-BA14-ED07C884DAD3}
		{7E865CCC-35B3-3437-A136-CD5B52FBF68D} = {7E865CCC-35B3-3437-A136-CD5B52FBF68D}
		{45E9F419-4CCB-384E-8F25-7B26F7D31AC3} = {45E9F419-4CCB-384E-8F25-7B26F7D31AC3}
		{3FE2FA6C-D76D-3DC1-98B0-A087E582CB49} = {3FE2FA6C-D76D-3DC1-98B0-A087E582CB49}
		{A72AE5A0-2999-3149-B4E3-A7D6126B9CC1} = {A72AE5A0-2999-3149-B4E3-A7D6126B9CC1}
	EndProjectSection
EndProject
Project("{8BC9CEB8-8B4A-11D0-8D11-00A0C91BC942}") = "engine_unit_pool_allocator", "tests\unit\engine_unit_pool_allocator.vcxproj", "{B4BEFCC0-8B6A-3678-B547-BCEAEC33E08C}"
	ProjectSection(ProjectDependencies) = postProject
		{74766DEE-3C5F-3C36-95F1-670F064C8146} = {74766DEE-3C5F-3C36-95F1-670F064C8146}
		{A0D774A7-BCCC-3E3F-A63C-EE6208E92A3A} = {A0D774A7-BCCC-3E3F-A63C-EE6208E92A3A}
		{0F94DED7-971D-3558-81E8-472182840C4D} = {0F94DED7-971D-3558-81E8-472182840C4D}
	EndProjectSection
EndProject
Project("{8BC9CEB8-8B4A-11D0-8D11-00A0C91BC942}") = "engine_unit_prefab", "tests\unit\engine_unit_prefab.vcxproj", "{996DE0F7-64A0-3EB4-B9D2-BCCD091BA663}"
	ProjectSection(ProjectDependencies) = postProject
		{74766DEE-3C5F-3C36-95F1-670F064C8146} = {74766DEE-3C5F-3C36-95F1-670F064C8146}
		{A0D774A7-BCCC-3E3F-A63C-EE6208E92A3A} = {A0D774A7-BCCC-3E3F-A63C-EE6208E92A3A}
		{0F5BA96F-2D03-34F0-A4E4-643571D4C403} = {0F5BA96F-2D03-34F0-A4E4-643571D4C403}
		{0F94DED7-971D-3558-81E8-472182840C4D} = {0F94DED7-971D-3558-81E8-472182840C4D}
		{7AB8E00B-EDFA-3A5C-921F-0C9EC32B8499} = {7AB8E00B-EDFA-3A5C-921F-0C9EC32B8499}
		{A839FDF1-7FE3-3D3C-BA14-ED07C884DAD3} = {A839FDF1-7FE3-3D3C-BA14-ED07C884DAD3}
		{7E865CCC-35B3-3437-A136-CD5B52FBF68D} = {7E865CCC-35B3-3437-A136-CD5B52FBF68D}
		{45E9F419-4CCB-384E-8F25-7B26F7D31AC3} = {45E9F419-4CCB-384E-8F25-7B26F7D31AC3}
		{3FE2FA6C-D76D-3DC1-98B0-A087E582CB49} = {3FE2FA6C-D76D-3DC1-98B0-A087E582CB49}
		{A72AE5A0-2999-3149-B4E3-A7D6126B9CC1} = {A72AE5A0-2999-3149-B4E3-A7D6126B9CC1}
	EndProjectSection
EndProject
Project("{8BC9CEB8-8B4A-11D0-8D11-00A0C91BC942}") = "engine_unit_profiler", "tests\unit\engine_unit_profiler.vcxproj", "{D47F8AAF-1624-3F34-B8A6-AC6C38AD7393}"
	ProjectSection(ProjectDependencies) = postProject
		{74766DEE-3C5F-3C36-95F1-670F064C8146} = {74766DEE-3C5F-3C36-95F1-670F064C8146}
		{A0D774A7-BCCC-3E3F-A63C-EE6208E92A3A} = {A0D774A7-BCCC-3E3F-A63C-EE6208E92A3A}
		{0F94DED7-971D-3558-81E8-472182840C4D} = {0F94DED7-971D-3558-81E8-472182840C4D}
	EndProjectSection
EndProject
Project("{8BC9CEB8-8B4A-11D0-8D11-00A0C91BC942}") = "engine_unit_reflect", "tests\unit\engine_unit_reflect.vcxproj", "{67D85CF7-6FDA-3205-B3D8-7A06112E2BBA}"
	ProjectSection(ProjectDependencies) = postProject
		{74766DEE-3C5F-3C36-95F1-670F064C8146} = {74766DEE-3C5F-3C36-95F1-670F064C8146}
		{A0D774A7-BCCC-3E3F-A63C-EE6208E92A3A} = {A0D774A7-BCCC-3E3F-A63C-EE6208E92A3A}
		{0F5BA96F-2D03-34F0-A4E4-643571D4C403} = {0F5BA96F-2D03-34F0-A4E4-643571D4C403}
		{0F94DED7-971D-3558-81E8-472182840C4D} = {0F94DED7-971D-3558-81E8-472182840C4D}
		{7AB8E00B-EDFA-3A5C-921F-0C9EC32B8499} = {7AB8E00B-EDFA-3A5C-921F-0C9EC32B8499}
		{A839FDF1-7FE3-3D3C-BA14-ED07C884DAD3} = {A839FDF1-7FE3-3D3C-BA14-ED07C884DAD3}
		{7E865CCC-35B3-3437-A136-CD5B52FBF68D} = {7E865CCC-35B3-3437-A136-CD5B52FBF68D}
		{45E9F419-4CCB-384E-8F25-7B26F7D31AC3} = {45E9F419-4CCB-384E-8F25-7B26F7D31AC3}
		{3FE2FA6C-D76D-3DC1-98B0-A087E582CB49} = {3FE2FA6C-D76D-3DC1-98B0-A087E582CB49}
		{A72AE5A0-2999-3149-B4E3-A7D6126B9CC1} = {A72AE5A0-2999-3149-B4E3-A7D6126B9CC1}
	EndProjectSection
EndProject
Project("{8BC9CEB8-8B4A-11D0-8D11-00A0C91BC942}") = "engine_unit_runtime_world", "tests\unit\engine_unit_runtime_world.vcxproj", "{7B02E0EF-4F26-3CB2-B7F5-287776335CFF}"
	ProjectSection(ProjectDependencies) = postProject
		{74766DEE-3C5F-3C36-95F1-670F064C8146} = {74766DEE-3C5F-3C36-95F1-670F064C8146}
		{A0D774A7-BCCC-3E3F-A63C-EE6208E92A3A} = {A0D774A7-BCCC-3E3F-A63C-EE6208E92A3A}
		{0F5BA96F-2D03-34F0-A4E4-643571D4C403} = {0F5BA96F-2D03-34F0-A4E4-643571D4C403}
		{0F94DED7-971D-3558-81E8-472182840C4D} = {0F94DED7-971D-3558-81E8-472182840C4D}
		{7AB8E00B-EDFA-3A5C-921F-0C9EC32B8499} = {7AB8E00B-EDFA-3A5C-921F-0C9EC32B8499}
		{A839FDF1-7FE3-3D3C-BA14-ED07C884DAD3} = {A839FDF1-7FE3-3D3C-BA14-ED07C884DAD3}
		{7E865CCC-35B3-3437-A136-CD5B52FBF68D} = {7E865CCC-35B3-3437-A136-CD5B52FBF68D}
		{45E9F419-4CCB-384E-8F25-7B26F7D31AC3} = {45E9F419-4CCB-384E-8F25-7B26F7D31AC3}
		{3FE2FA6C-D76D-3DC1-98B0-A087E582CB49} = {3FE2FA6C-D76D-3DC1-98B0-A087E582CB49}
		{A72AE5A0-2999-3149-B4E3-A7D6126B9CC1} = {A72AE5A0-2999-3149-B4E3-A7D6126B9CC1}
	EndProjectSection
EndProject
Project("{8BC9CEB8-8B4A-11D0-8D11-00A0C91BC942}") = "engine_unit_scene_serializer", "tests\unit\engine_unit_scene_serializer.vcxproj", "{F373D674-AFB5-3BDC-9903-02D0E862CDD6}"
	ProjectSection(ProjectDependencies) = postProject
		{74766DEE-3C5F-3C36-95F1-670F064C8146} = {74766DEE-3C5F-3C36-95F1-670F064C8146}
		{A0D774A7-BCCC-3E3F-A63C-EE6208E92A3A} = {A0D774A7-BCCC-3E3F-A63C-EE6208E92A3A}
		{0F5BA96F-2D03-34F0-A4E4-643571D4C403} = {0F5BA96F-2D03-34F0-A4E4-643571D4C403}
		{0F94DED7-971D-3558-81E8-472182840C4D} = {0F94DED7-971D-3558-81E8-472182840C4D}
		{7AB8E00B-EDFA-3A5C-921F-0C9EC32B8499} = {7AB8E00B-EDFA-3A5C-921F-0C9EC32B8499}
		{A839FDF1-7FE3-3D3C-BA14-ED07C884DAD3} = {A839FDF1-7FE3-3D3C-BA14-ED07C884DAD3}
		{7E865CCC-35B3-3437-A136-CD5B52FBF68D} = {7E865CCC-35B3-3437-A136-CD5B52FBF68D}
		{45E9F419-4CCB-384E-8F25-7B26F7D31AC3} = {45E9F419-4CCB-384E-8F25-7B26F7D31AC3}
		{3FE2FA6C-D76D-3DC1-98B0-A087E582CB49} = {3FE2FA6C-D76D-3DC1-98B0-A087E582CB49}
		{A72AE5A0-2999-3149-B4E3-A7D6126B9CC1} = {A72AE5A0-2999-3149-B4E3-A7D6126B9CC1}
	EndProjectSection
EndProject
Project("{8BC9CEB8-8B4A-11D0-8D11-00A0C91BC942}") = "engine_unit_scripting", "tests\unit\engine_unit_scripting.vcxproj", "{A22D8438-5BAD-3B4E-9DC6-BB7A9AAB27FC}"
	ProjectSection(ProjectDependencies) = postProject
		{74766DEE-3C5F-3C36-95F1-670F064C8146} = {74766DEE-3C5F-3C36-95F1-670F064C8146}
		{A0D774A7-BCCC-3E3F-A63C-EE6208E92A3A} = {A0D774A7-BCCC-3E3F-A63C-EE6208E92A3A}
		{0F5BA96F-2D03-34F0-A4E4-643571D4C403} = {0F5BA96F-2D03-34F0-A4E4-643571D4C403}
		{0F94DED7-971D-3558-81E8-472182840C4D} = {0F94DED7-971D-3558-81E8-472182840C4D}
		{7AB8E00B-EDFA-3A5C-921F-0C9EC32B8499} = {7AB8E00B-EDFA-3A5C-921F-0C9EC32B8499}
		{A839FDF1-7FE3-3D3C-BA14-ED07C884DAD3} = {A839FDF1-7FE3-3D3C-BA14-ED07C884DAD3}
		{7E865CCC-35B3-3437-A136-CD5B52FBF68D} = {7E865CCC-35B3-3437-A136-CD5B52FBF68D}
		{45E9F419-4CCB-384E-8F25-7B26F7D31AC3} = {45E9F419-4CCB-384E-8F25-7B26F7D31AC3}
		{3FE2FA6C-D76D-3DC1-98B0-A087E582CB49} = {3FE2FA6C-D76D-3DC1-98B0-A087E582CB49}
		{A72AE5A0-2999-3149-B4E3-A7D6126B9CC1} = {A72AE5A0-2999-3149-B4E3-A7D6126B9CC1}
	EndProjectSection
EndProject
Project("{8BC9CEB8-8B4A-11D0-8D11-00A0C91BC942}") = "engine_unit_shader_system", "tests\unit\engine_unit_shader_system.vcxproj", "{DA081244-6DE0-3391-987A-7F9EEC9DEE95}"
	ProjectSection(ProjectDependencies) = postProject
		{74766DEE-3C5F-3C36-95F1-670F064C8146} = {74766DEE-3C5F-3C36-95F1-670F064C8146}
		{A0D774A7-BCCC-3E3F-A63C-EE6208E92A3A} = {A0D774A7-BCCC-3E3F-A63C-EE6208E92A3A}
		{0F94DED7-971D-3558-81E8-472182840C4D} = {0F94DED7-971D-3558-81E8-472182840C4D}
		{A839FDF1-7FE3-3D3C-BA14-ED07C884DAD3} = {A839FDF1-7FE3-3D3C-BA14-ED07C884DAD3}
		{45E9F419-4CCB-384E-8F25-7B26F7D31AC3} = {45E9F419-4CCB-384E-8F25-7B26F7D31AC3}
	EndProjectSection
EndProject
Project("{8BC9CEB8-8B4A-11D0-8D11-00A0C91BC942}") = "engine_unit_texture_loader", "tests\unit\engine_unit_texture_loader.vcxproj", "{53BD0B34-C42F-34F4-97E4-79F27227CDF1}"
	ProjectSection(ProjectDependencies) = postProject
		{74766DEE-3C5F-3C36-95F1-670F064C8146} = {74766DEE-3C5F-3C36-95F1-670F064C8146}
		{A0D774A7-BCCC-3E3F-A63C-EE6208E92A3A} = {A0D774A7-BCCC-3E3F-A63C-EE6208E92A3A}
		{0F94DED7-971D-3558-81E8-472182840C4D} = {0F94DED7-971D-3558-81E8-472182840C4D}
		{A839FDF1-7FE3-3D3C-BA14-ED07C884DAD3} = {A839FDF1-7FE3-3D3C-BA14-ED07C884DAD3}
		{45E9F419-4CCB-384E-8F25-7B26F7D31AC3} = {45E9F419-4CCB-384E-8F25-7B26F7D31AC3}
	EndProjectSection
EndProject
Project("{8BC9CEB8-8B4A-11D0-8D11-00A0C91BC942}") = "engine_unit_vfs", "tests\unit\engine_unit_vfs.vcxproj", "{B18ED66E-CD29-3FE1-99A5-428E8F744265}"
	ProjectSection(ProjectDependencies) = postProject
		{74766DEE-3C5F-3C36-95F1-670F064C8146} = {74766DEE-3C5F-3C36-95F1-670F064C8146}
		{A0D774A7-BCCC-3E3F-A63C-EE6208E92A3A} = {A0D774A7-BCCC-3E3F-A63C-EE6208E92A3A}
		{0F94DED7-971D-3558-81E8-472182840C4D} = {0F94DED7-971D-3558-81E8-472182840C4D}
	EndProjectSection
EndProject
Project("{8BC9CEB8-8B4A-11D0-8D11-00A0C91BC942}") = "sdl_headers_copy", "_deps\sdl2-build\sdl_headers_copy.vcxproj", "{48D87D8B-2138-3353-A4C1-69625BAE9EF1}"
	ProjectSection(ProjectDependencies) = postProject
		{A0D774A7-BCCC-3E3F-A63C-EE6208E92A3A} = {A0D774A7-BCCC-3E3F-A63C-EE6208E92A3A}
	EndProjectSection
EndProject
Project("{8BC9CEB8-8B4A-11D0-8D11-00A0C91BC942}") = "uninstall", "_deps\sdl2-build\uninstall.vcxproj", "{D924C4B0-6DFB-3593-ACF8-2D4F021BA001}"
	ProjectSection(ProjectDependencies) = postProject
		{A0D774A7-BCCC-3E3F-A63C-EE6208E92A3A} = {A0D774A7-BCCC-3E3F-A63C-EE6208E92A3A}
	EndProjectSection
EndProject
Global
	GlobalSection(SolutionConfigurationPlatforms) = preSolution
		Debug|x64 = Debug|x64
		Release|x64 = Release|x64
		MinSizeRel|x64 = MinSizeRel|x64
		RelWithDebInfo|x64 = RelWithDebInfo|x64
	EndGlobalSection
	GlobalSection(ProjectConfigurationPlatforms) = postSolution
		{A8048B9C-A240-360C-B849-774B70BF5281}.Debug|x64.ActiveCfg = Debug|x64
		{A8048B9C-A240-360C-B849-774B70BF5281}.Release|x64.ActiveCfg = Release|x64
		{A8048B9C-A240-360C-B849-774B70BF5281}.MinSizeRel|x64.ActiveCfg = MinSizeRel|x64
		{A8048B9C-A240-360C-B849-774B70BF5281}.RelWithDebInfo|x64.ActiveCfg = RelWithDebInfo|x64
		{CC601F2E-61D4-3C74-AD05-D37C49DE38B7}.Debug|x64.ActiveCfg = Debug|x64
		{CC601F2E-61D4-3C74-AD05-D37C49DE38B7}.Release|x64.ActiveCfg = Release|x64
		{CC601F2E-61D4-3C74-AD05-D37C49DE38B7}.MinSizeRel|x64.ActiveCfg = MinSizeRel|x64
		{CC601F2E-61D4-3C74-AD05-D37C49DE38B7}.RelWithDebInfo|x64.ActiveCfg = RelWithDebInfo|x64
		{74766DEE-3C5F-3C36-95F1-670F064C8146}.Debug|x64.ActiveCfg = Debug|x64
		{74766DEE-3C5F-3C36-95F1-670F064C8146}.Debug|x64.Build.0 = Debug|x64
		{74766DEE-3C5F-3C36-95F1-670F064C8146}.Release|x64.ActiveCfg = Release|x64
		{74766DEE-3C5F-3C36-95F1-670F064C8146}.Release|x64.Build.0 = Release|x64
		{74766DEE-3C5F-3C36-95F1-670F064C8146}.MinSizeRel|x64.ActiveCfg = MinSizeRel|x64
		{74766DEE-3C5F-3C36-95F1-670F064C8146}.MinSizeRel|x64.Build.0 = MinSizeRel|x64
		{74766DEE-3C5F-3C36-95F1-670F064C8146}.RelWithDebInfo|x64.ActiveCfg = RelWithDebInfo|x64
		{74766DEE-3C5F-3C36-95F1-670F064C8146}.RelWithDebInfo|x64.Build.0 = RelWithDebInfo|x64
		{E64B9B67-AAF8-345A-99E5-42829232CC67}.Debug|x64.ActiveCfg = Debug|x64
		{E64B9B67-AAF8-345A-99E5-42829232CC67}.Debug|x64.Build.0 = Debug|x64
		{E64B9B67-AAF8-345A-99E5-42829232CC67}.Release|x64.ActiveCfg = Release|x64
		{E64B9B67-AAF8-345A-99E5-42829232CC67}.Release|x64.Build.0 = Release|x64
		{E64B9B67-AAF8-345A-99E5-42829232CC67}.MinSizeRel|x64.ActiveCfg = MinSizeRel|x64
		{E64B9B67-AAF8-345A-99E5-42829232CC67}.MinSizeRel|x64.Build.0 = MinSizeRel|x64
		{E64B9B67-AAF8-345A-99E5-42829232CC67}.RelWithDebInfo|x64.ActiveCfg = RelWithDebInfo|x64
		{E64B9B67-AAF8-345A-99E5-42829232CC67}.RelWithDebInfo|x64.Build.0 = RelWithDebInfo|x64
		{F8E0686E-651B-3B15-B913-C9EF1A37F877}.Debug|x64.ActiveCfg = Debug|x64
		{F8E0686E-651B-3B15-B913-C9EF1A37F877}.Debug|x64.Build.0 = Debug|x64
		{F8E0686E-651B-3B15-B913-C9EF1A37F877}.Release|x64.ActiveCfg = Release|x64
		{F8E0686E-651B-3B15-B913-C9EF1A37F877}.Release|x64.Build.0 = Release|x64
		{F8E0686E-651B-3B15-B913-C9EF1A37F877}.MinSizeRel|x64.ActiveCfg = MinSizeRel|x64
		{F8E0686E-651B-3B15-B913-C9EF1A37F877}.MinSizeRel|x64.Build.0 = MinSizeRel|x64
		{F8E0686E-651B-3B15-B913-C9EF1A37F877}.RelWithDebInfo|x64.ActiveCfg = RelWithDebInfo|x64
		{F8E0686E-651B-3B15-B913-C9EF1A37F877}.RelWithDebInfo|x64.Build.0 = RelWithDebInfo|x64
		{A0D774A7-BCCC-3E3F-A63C-EE6208E92A3A}.Debug|x64.ActiveCfg = Debug|x64
		{A0D774A7-BCCC-3E3F-A63C-EE6208E92A3A}.Debug|x64.Build.0 = Debug|x64
		{A0D774A7-BCCC-3E3F-A63C-EE6208E92A3A}.Release|x64.ActiveCfg = Release|x64
		{A0D774A7-BCCC-3E3F-A63C-EE6208E92A3A}.Release|x64.Build.0 = Release|x64
		{A0D774A7-BCCC-3E3F-A63C-EE6208E92A3A}.MinSizeRel|x64.ActiveCfg = MinSizeRel|x64
		{A0D774A7-BCCC-3E3F-A63C-EE6208E92A3A}.MinSizeRel|x64.Build.0 = MinSizeRel|x64
		{A0D774A7-BCCC-3E3F-A63C-EE6208E92A3A}.RelWithDebInfo|x64.ActiveCfg = RelWithDebInfo|x64
		{A0D774A7-BCCC-3E3F-A63C-EE6208E92A3A}.RelWithDebInfo|x64.Build.0 = RelWithDebInfo|x64
		{B41734AF-3758-3D68-801A-FEC48AA0C241}.Debug|x64.ActiveCfg = Debug|x64
		{B41734AF-3758-3D68-801A-FEC48AA0C241}.Release|x64.ActiveCfg = Release|x64
		{B41734AF-3758-3D68-801A-FEC48AA0C241}.MinSizeRel|x64.ActiveCfg = MinSizeRel|x64
		{B41734AF-3758-3D68-801A-FEC48AA0C241}.RelWithDebInfo|x64.ActiveCfg = RelWithDebInfo|x64
		{FA087C3A-057B-3817-92F2-C63AF6D00E8A}.Debug|x64.ActiveCfg = Debug|x64
		{FA087C3A-057B-3817-92F2-C63AF6D00E8A}.Debug|x64.Build.0 = Debug|x64
		{FA087C3A-057B-3817-92F2-C63AF6D00E8A}.Release|x64.ActiveCfg = Release|x64
		{FA087C3A-057B-3817-92F2-C63AF6D00E8A}.Release|x64.Build.0 = Release|x64
		{FA087C3A-057B-3817-92F2-C63AF6D00E8A}.MinSizeRel|x64.ActiveCfg = MinSizeRel|x64
		{FA087C3A-057B-3817-92F2-C63AF6D00E8A}.MinSizeRel|x64.Build.0 = MinSizeRel|x64
		{FA087C3A-057B-3817-92F2-C63AF6D00E8A}.RelWithDebInfo|x64.ActiveCfg = RelWithDebInfo|x64
		{FA087C3A-057B-3817-92F2-C63AF6D00E8A}.RelWithDebInfo|x64.Build.0 = RelWithDebInfo|x64
		{2854D15A-0B0B-3B87-8E70-947309ACE86E}.Debug|x64.ActiveCfg = Debug|x64
		{2854D15A-0B0B-3B87-8E70-947309ACE86E}.Debug|x64.Build.0 = Debug|x64
		{2854D15A-0B0B-3B87-8E70-947309ACE86E}.Release|x64.ActiveCfg = Release|x64
		{2854D15A-0B0B-3B87-8E70-947309ACE86E}.Release|x64.Build.0 = Release|x64
		{2854D15A-0B0B-3B87-8E70-947309ACE86E}.MinSizeRel|x64.ActiveCfg = MinSizeRel|x64
		{2854D15A-0B0B-3B87-8E70-947309ACE86E}.MinSizeRel|x64.Build.0 = MinSizeRel|x64
		{2854D15A-0B0B-3B87-8E70-947309ACE86E}.RelWithDebInfo|x64.ActiveCfg = RelWithDebInfo|x64
		{2854D15A-0B0B-3B87-8E70-947309ACE86E}.RelWithDebInfo|x64.Build.0 = RelWithDebInfo|x64
		{0F5BA96F-2D03-34F0-A4E4-643571D4C403}.Debug|x64.ActiveCfg = Debug|x64
		{0F5BA96F-2D03-34F0-A4E4-643571D4C403}.Debug|x64.Build.0 = Debug|x64
		{0F5BA96F-2D03-34F0-A4E4-643571D4C403}.Release|x64.ActiveCfg = Release|x64
		{0F5BA96F-2D03-34F0-A4E4-643571D4C403}.Release|x64.Build.0 = Release|x64
		{0F5BA96F-2D03-34F0-A4E4-643571D4C403}.MinSizeRel|x64.ActiveCfg = MinSizeRel|x64
		{0F5BA96F-2D03-34F0-A4E4-643571D4C403}.MinSizeRel|x64.Build.0 = MinSizeRel|x64
		{0F5BA96F-2D03-34F0-A4E4-643571D4C403}.RelWithDebInfo|x64.ActiveCfg = RelWithDebInfo|x64
		{0F5BA96F-2D03-34F0-A4E4-643571D4C403}.RelWithDebInfo|x64.Build.0 = RelWithDebInfo|x64
		{93A4A84B-9FA5-34A6-AD4C-3650CF71E88D}.Debug|x64.ActiveCfg = Debug|x64
		{93A4A84B-9FA5-34A6-AD4C-3650CF71E88D}.Debug|x64.Build.0 = Debug|x64
		{93A4A84B-9FA5-34A6-AD4C-3650CF71E88D}.Release|x64.ActiveCfg = Release|x64
		{93A4A84B-9FA5-34A6-AD4C-3650CF71E88D}.Release|x64.Build.0 = Release|x64
		{93A4A84B-9FA5-34A6-AD4C-3650CF71E88D}.MinSizeRel|x64.ActiveCfg = MinSizeRel|x64
		{93A4A84B-9FA5-34A6-AD4C-3650CF71E88D}.MinSizeRel|x64.Build.0 = MinSizeRel|x64
		{93A4A84B-9FA5-34A6-AD4C-3650CF71E88D}.RelWithDebInfo|x64.ActiveCfg = RelWithDebInfo|x64
		{93A4A84B-9FA5-34A6-AD4C-3650CF71E88D}.RelWithDebInfo|x64.Build.0 = RelWithDebInfo|x64
		{F74174FE-FB9C-3BD8-9FAB-BB3DF98F1DDD}.Debug|x64.ActiveCfg = Debug|x64
		{F74174FE-FB9C-3BD8-9FAB-BB3DF98F1DDD}.Debug|x64.Build.0 = Debug|x64
		{F74174FE-FB9C-3BD8-9FAB-BB3DF98F1DDD}.Release|x64.ActiveCfg = Release|x64
		{F74174FE-FB9C-3BD8-9FAB-BB3DF98F1DDD}.Release|x64.Build.0 = Release|x64
		{F74174FE-FB9C-3BD8-9FAB-BB3DF98F1DDD}.MinSizeRel|x64.ActiveCfg = MinSizeRel|x64
		{F74174FE-FB9C-3BD8-9FAB-BB3DF98F1DDD}.MinSizeRel|x64.Build.0 = MinSizeRel|x64
		{F74174FE-FB9C-3BD8-9FAB-BB3DF98F1DDD}.RelWithDebInfo|x64.ActiveCfg = RelWithDebInfo|x64
		{F74174FE-FB9C-3BD8-9FAB-BB3DF98F1DDD}.RelWithDebInfo|x64.Build.0 = RelWithDebInfo|x64
		{0F94DED7-971D-3558-81E8-472182840C4D}.Debug|x64.ActiveCfg = Debug|x64
		{0F94DED7-971D-3558-81E8-472182840C4D}.Debug|x64.Build.0 = Debug|x64
		{0F94DED7-971D-3558-81E8-472182840C4D}.Release|x64.ActiveCfg = Release|x64
		{0F94DED7-971D-3558-81E8-472182840C4D}.Release|x64.Build.0 = Release|x64
		{0F94DED7-971D-3558-81E8-472182840C4D}.MinSizeRel|x64.ActiveCfg = MinSizeRel|x64
		{0F94DED7-971D-3558-81E8-472182840C4D}.MinSizeRel|x64.Build.0 = MinSizeRel|x64
		{0F94DED7-971D-3558-81E8-472182840C4D}.RelWithDebInfo|x64.ActiveCfg = RelWithDebInfo|x64
		{0F94DED7-971D-3558-81E8-472182840C4D}.RelWithDebInfo|x64.Build.0 = RelWithDebInfo|x64
		{EB65E7E9-44B5-3BA6-95B9-140AB1DC9D76}.Debug|x64.ActiveCfg = Debug|x64
		{EB65E7E9-44B5-3BA6-95B9-140AB1DC9D76}.Debug|x64.Build.0 = Debug|x64
		{EB65E7E9-44B5-3BA6-95B9-140AB1DC9D76}.Release|x64.ActiveCfg = Release|x64
		{EB65E7E9-44B5-3BA6-95B9-140AB1DC9D76}.Release|x64.Build.0 = Release|x64
		{EB65E7E9-44B5-3BA6-95B9-140AB1DC9D76}.MinSizeRel|x64.ActiveCfg = MinSizeRel|x64
		{EB65E7E9-44B5-3BA6-95B9-140AB1DC9D76}.MinSizeRel|x64.Build.0 = MinSizeRel|x64
		{EB65E7E9-44B5-3BA6-95B9-140AB1DC9D76}.RelWithDebInfo|x64.ActiveCfg = RelWithDebInfo|x64
		{EB65E7E9-44B5-3BA6-95B9-140AB1DC9D76}.RelWithDebInfo|x64.Build.0 = RelWithDebInfo|x64
		{F3E5E403-0E9E-3041-B058-8FE93BD8332D}.Debug|x64.ActiveCfg = Debug|x64
		{F3E5E403-0E9E-3041-B058-8FE93BD8332D}.Debug|x64.Build.0 = Debug|x64
		{F3E5E403-0E9E-3041-B058-8FE93BD8332D}.Release|x64.ActiveCfg = Release|x64
		{F3E5E403-0E9E-3041-B058-8FE93BD8332D}.Release|x64.Build.0 = Release|x64
		{F3E5E403-0E9E-3041-B058-8FE93BD8332D}.MinSizeRel|x64.ActiveCfg = MinSizeRel|x64
		{F3E5E403-0E9E-3041-B058-8FE93BD8332D}.MinSizeRel|x64.Build.0 = MinSizeRel|x64
		{F3E5E403-0E9E-3041-B058-8FE93BD8332D}.RelWithDebInfo|x64.ActiveCfg = RelWithDebInfo|x64
		{F3E5E403-0E9E-3041-B058-8FE93BD8332D}.RelWithDebInfo|x64.Build.0 = RelWithDebInfo|x64
		{696E6158-1B79-3784-86BA-B4C3A6D8B7D2}.Debug|x64.ActiveCfg = Debug|x64
		{696E6158-1B79-3784-86BA-B4C3A6D8B7D2}.Debug|x64.Build.0 = Debug|x64
		{696E6158-1B79-3784-86BA-B4C3A6D8B7D2}.Release|x64.ActiveCfg = Release|x64
		{696E6158-1B79-3784-86BA-B4C3A6D8B7D2}.Release|x64.Build.0 = Release|x64
		{696E6158-1B79-3784-86BA-B4C3A6D8B7D2}.MinSizeRel|x64.ActiveCfg = MinSizeRel|x64
		{696E6158-1B79-3784-86BA-B4C3A6D8B7D2}.MinSizeRel|x64.Build.0 = MinSizeRel|x64
		{696E6158-1B79-3784-86BA-B4C3A6D8B7D2}.RelWithDebInfo|x64.ActiveCfg = RelWithDebInfo|x64
		{696E6158-1B79-3784-86BA-B4C3A6D8B7D2}.RelWithDebInfo|x64.Build.0 = RelWithDebInfo|x64
		{897A5A20-D89B-3C68-91C8-533039311D41}.Debug|x64.ActiveCfg = Debug|x64
		{897A5A20-D89B-3C68-91C8-533039311D41}.Debug|x64.Build.0 = Debug|x64
		{897A5A20-D89B-3C68-91C8-533039311D41}.Release|x64.ActiveCfg = Release|x64
		{897A5A20-D89B-3C68-91C8-533039311D41}.Release|x64.Build.0 = Release|x64
		{897A5A20-D89B-3C68-91C8-533039311D41}.MinSizeRel|x64.ActiveCfg = MinSizeRel|x64
		{897A5A20-D89B-3C68-91C8-533039311D41}.MinSizeRel|x64.Build.0 = MinSizeRel|x64
		{897A5A20-D89B-3C68-91C8-533039311D41}.RelWithDebInfo|x64.ActiveCfg = RelWithDebInfo|x64
		{897A5A20-D89B-3C68-91C8-533039311D41}.RelWithDebInfo|x64.Build.0 = RelWithDebInfo|x64
		{60523BE0-69BD-31A7-84B9-A964BD5780FD}.Debug|x64.ActiveCfg = Debug|x64
		{60523BE0-69BD-31A7-84B9-A964BD5780FD}.Debug|x64.Build.0 = Debug|x64
		{60523BE0-69BD-31A7-84B9-A964BD5780FD}.Release|x64.ActiveCfg = Release|x64
		{60523BE0-69BD-31A7-84B9-A964BD5780FD}.Release|x64.Build.0 = Release|x64
		{60523BE0-69BD-31A7-84B9-A964BD5780FD}.MinSizeRel|x64.ActiveCfg = MinSizeRel|x64
		{60523BE0-69BD-31A7-84B9-A964BD5780FD}.MinSizeRel|x64.Build.0 = MinSizeRel|x64
		{60523BE0-69BD-31A7-84B9-A964BD5780FD}.RelWithDebInfo|x64.ActiveCfg = RelWithDebInfo|x64
		{60523BE0-69BD-31A7-84B9-A964BD5780FD}.RelWithDebInfo|x64.Build.0 = RelWithDebInfo|x64
		{2DADC748-78EE-3827-917D-3351489E01A9}.Debug|x64.ActiveCfg = Debug|x64
		{2DADC748-78EE-3827-917D-3351489E01A9}.Debug|x64.Build.0 = Debug|x64
		{2DADC748-78EE-3827-917D-3351489E01A9}.Release|x64.ActiveCfg = Release|x64
		{2DADC748-78EE-3827-917D-3351489E01A9}.Release|x64.Build.0 = Release|x64
		{2DADC748-78EE-3827-917D-3351489E01A9}.MinSizeRel|x64.ActiveCfg = MinSizeRel|x64
		{2DADC748-78EE-3827-917D-3351489E01A9}.MinSizeRel|x64.Build.0 = MinSizeRel|x64
		{2DADC748-78EE-3827-917D-3351489E01A9}.RelWithDebInfo|x64.ActiveCfg = RelWithDebInfo|x64
		{2DADC748-78EE-3827-917D-3351489E01A9}.RelWithDebInfo|x64.Build.0 = RelWithDebInfo|x64
		{DFD79CBD-84F4-3FA0-A24E-6245232F10C1}.Debug|x64.ActiveCfg = Debug|x64
		{DFD79CBD-84F4-3FA0-A24E-6245232F10C1}.Debug|x64.Build.0 = Debug|x64
		{DFD79CBD-84F4-3FA0-A24E-6245232F10C1}.Release|x64.ActiveCfg = Release|x64
		{DFD79CBD-84F4-3FA0-A24E-6245232F10C1}.Release|x64.Build.0 = Release|x64
		{DFD79CBD-84F4-3FA0-A24E-6245232F10C1}.MinSizeRel|x64.ActiveCfg = MinSizeRel|x64
		{DFD79CBD-84F4-3FA0-A24E-6245232F10C1}.MinSizeRel|x64.Build.0 = MinSizeRel|x64
		{DFD79CBD-84F4-3FA0-A24E-6245232F10C1}.RelWithDebInfo|x64.ActiveCfg = RelWithDebInfo|x64
		{DFD79CBD-84F4-3FA0-A24E-6245232F10C1}.RelWithDebInfo|x64.Build.0 = RelWithDebInfo|x64
		{4DA42E18-B263-3E4D-9EAA-C497F52F4F70}.Debug|x64.ActiveCfg = Debug|x64
		{4DA42E18-B263-3E4D-9EAA-C497F52F4F70}.Debug|x64.Build.0 = Debug|x64
		{4DA42E18-B263-3E4D-9EAA-C497F52F4F70}.Release|x64.ActiveCfg = Release|x64
		{4DA42E18-B263-3E4D-9EAA-C497F52F4F70}.Release|x64.Build.0 = Release|x64
		{4DA42E18-B263-3E4D-9EAA-C497F52F4F70}.MinSizeRel|x64.ActiveCfg = MinSizeRel|x64
		{4DA42E18-B263-3E4D-9EAA-C497F52F4F70}.MinSizeRel|x64.Build.0 = MinSizeRel|x64
		{4DA42E18-B263-3E4D-9EAA-C497F52F4F70}.RelWithDebInfo|x64.ActiveCfg = RelWithDebInfo|x64
		{4DA42E18-B263-3E4D-9EAA-C497F52F4F70}.RelWithDebInfo|x64.Build.0 = RelWithDebInfo|x64
		{F201B084-B0FD-3F05-85E2-EDD4093DDB90}.Debug|x64.ActiveCfg = Debug|x64
		{F201B084-B0FD-3F05-85E2-EDD4093DDB90}.Debug|x64.Build.0 = Debug|x64
		{F201B084-B0FD-3F05-85E2-EDD4093DDB90}.Release|x64.ActiveCfg = Release|x64
		{F201B084-B0FD-3F05-85E2-EDD4093DDB90}.Release|x64.Build.0 = Release|x64
		{F201B084-B0FD-3F05-85E2-EDD4093DDB90}.MinSizeRel|x64.ActiveCfg = MinSizeRel|x64
		{F201B084-B0FD-3F05-85E2-EDD4093DDB90}.MinSizeRel|x64.Build.0 = MinSizeRel|x64
		{F201B084-B0FD-3F05-85E2-EDD4093DDB90}.RelWithDebInfo|x64.ActiveCfg = RelWithDebInfo|x64
		{F201B084-B0FD-3F05-85E2-EDD4093DDB90}.RelWithDebInfo|x64.Build.0 = RelWithDebInfo|x64
		{7AB8E00B-EDFA-3A5C-921F-0C9EC32B8499}.Debug|x64.ActiveCfg = Debug|x64
		{7AB8E00B-EDFA-3A5C-921F-0C9EC32B8499}.Debug|x64.Build.0 = Debug|x64
		{7AB8E00B-EDFA-3A5C-921F-0C9EC32B8499}.Release|x64.ActiveCfg = Release|x64
		{7AB8E00B-EDFA-3A5C-921F-0C9EC32B8499}.Release|x64.Build.0 = Release|x64
		{7AB8E00B-EDFA-3A5C-921F-0C9EC32B8499}.MinSizeRel|x64.ActiveCfg = MinSizeRel|x64
		{7AB8E00B-EDFA-3A5C-921F-0C9EC32B8499}.MinSizeRel|x64.Build.0 = MinSizeRel|x64
		{7AB8E00B-EDFA-3A5C-921F-0C9EC32B8499}.RelWithDebInfo|x64.ActiveCfg = RelWithDebInfo|x64
		{7AB8E00B-EDFA-3A5C-921F-0C9EC32B8499}.RelWithDebInfo|x64.Build.0 = RelWithDebInfo|x64
		{A839FDF1-7FE3-3D3C-BA14-ED07C884DAD3}.Debug|x64.ActiveCfg = Debug|x64
		{A839FDF1-7FE3-3D3C-BA14-ED07C884DAD3}.Debug|x64.Build.0 = Debug|x64
		{A839FDF1-7FE3-3D3C-BA14-ED07C884DAD3}.Release|x64.ActiveCfg = Release|x64
		{A839FDF1-7FE3-3D3C-BA14-ED07C884DAD3}.Release|x64.Build.0 = Release|x64
		{A839FDF1-7FE3-3D3C-BA14-ED07C884DAD3}.MinSizeRel|x64.ActiveCfg = MinSizeRel|x64
		{A839FDF1-7FE3-3D3C-BA14-ED07C884DAD3}.MinSizeRel|x64.Build.0 = MinSizeRel|x64
		{A839FDF1-7FE3-3D3C-BA14-ED07C884DAD3}.RelWithDebInfo|x64.ActiveCfg = RelWithDebInfo|x64
		{A839FDF1-7FE3-3D3C-BA14-ED07C884DAD3}.RelWithDebInfo|x64.Build.0 = RelWithDebInfo|x64
		{7E865CCC-35B3-3437-A136-CD5B52FBF68D}.Debug|x64.ActiveCfg = Debug|x64
		{7E865CCC-35B3-3437-A136-CD5B52FBF68D}.Debug|x64.Build.0 = Debug|x64
		{7E865CCC-35B3-3437-A136-CD5B52FBF68D}.Release|x64.ActiveCfg = Release|x64
		{7E865CCC-35B3-3437-A136-CD5B52FBF68D}.Release|x64.Build.0 = Release|x64
		{7E865CCC-35B3-3437-A136-CD5B52FBF68D}.MinSizeRel|x64.ActiveCfg = MinSizeRel|x64
		{7E865CCC-35B3-3437-A136-CD5B52FBF68D}.MinSizeRel|x64.Build.0 = MinSizeRel|x64
		{7E865CCC-35B3-3437-A136-CD5B52FBF68D}.RelWithDebInfo|x64.ActiveCfg = RelWithDebInfo|x64
		{7E865CCC-35B3-3437-A136-CD5B52FBF68D}.RelWithDebInfo|x64.Build.0 = RelWithDebInfo|x64
		{45E9F419-4CCB-384E-8F25-7B26F7D31AC3}.Debug|x64.ActiveCfg = Debug|x64
		{45E9F419-4CCB-384E-8F25-7B26F7D31AC3}.Debug|x64.Build.0 = Debug|x64
		{45E9F419-4CCB-384E-8F25-7B26F7D31AC3}.Release|x64.ActiveCfg = Release|x64
		{45E9F419-4CCB-384E-8F25-7B26F7D31AC3}.Release|x64.Build.0 = Release|x64
		{45E9F419-4CCB-384E-8F25-7B26F7D31AC3}.MinSizeRel|x64.ActiveCfg = MinSizeRel|x64
		{45E9F419-4CCB-384E-8F25-7B26F7D31AC3}.MinSizeRel|x64.Build.0 = MinSizeRel|x64
		{45E9F419-4CCB-384E-8F25-7B26F7D31AC3}.RelWithDebInfo|x64.ActiveCfg = RelWithDebInfo|x64
		{45E9F419-4CCB-384E-8F25-7B26F7D31AC3}.RelWithDebInfo|x64.Build.0 = RelWithDebInfo|x64
		{3FE2FA6C-D76D-3DC1-98B0-A087E582CB49}.Debug|x64.ActiveCfg = Debug|x64
		{3FE2FA6C-D76D-3DC1-98B0-A087E582CB49}.Debug|x64.Build.0 = Debug|x64
		{3FE2FA6C-D76D-3DC1-98B0-A087E582CB49}.Release|x64.ActiveCfg = Release|x64
		{3FE2FA6C-D76D-3DC1-98B0-A087E582CB49}.Release|x64.Build.0 = Release|x64
		{3FE2FA6C-D76D-3DC1-98B0-A087E582CB49}.MinSizeRel|x64.ActiveCfg = MinSizeRel|x64
		{3FE2FA6C-D76D-3DC1-98B0-A087E582CB49}.MinSizeRel|x64.Build.0 = MinSizeRel|x64
		{3FE2FA6C-D76D-3DC1-98B0-A087E582CB49}.RelWithDebInfo|x64.ActiveCfg = RelWithDebInfo|x64
		{3FE2FA6C-D76D-3DC1-98B0-A087E582CB49}.RelWithDebInfo|x64.Build.0 = RelWithDebInfo|x64
		{A72AE5A0-2999-3149-B4E3-A7D6126B9CC1}.Debug|x64.ActiveCfg = Debug|x64
		{A72AE5A0-2999-3149-B4E3-A7D6126B9CC1}.Debug|x64.Build.0 = Debug|x64
		{A72AE5A0-2999-3149-B4E3-A7D6126B9CC1}.Release|x64.ActiveCfg = Release|x64
		{A72AE5A0-2999-3149-B4E3-A7D6126B9CC1}.Release|x64.Build.0 = Release|x64
		{A72AE5A0-2999-3149-B4E3-A7D6126B9CC1}.MinSizeRel|x64.ActiveCfg = MinSizeRel|x64
		{A72AE5A0-2999-3149-B4E3-A7D6126B9CC1}.MinSizeRel|x64.Build.0 = MinSizeRel|x64
		{A72AE5A0-2999-3149-B4E3-A7D6126B9CC1}.RelWithDebInfo|x64.ActiveCfg = RelWithDebInfo|x64
		{A72AE5A0-2999-3149-B4E3-A7D6126B9CC1}.RelWithDebInfo|x64.Build.0 = RelWithDebInfo|x64
		{C1C24219-54F0-3B65-B2E1-9C809EAFD024}.Debug|x64.ActiveCfg = Debug|x64
		{C1C24219-54F0-3B65-B2E1-9C809EAFD024}.Debug|x64.Build.0 = Debug|x64
		{C1C24219-54F0-3B65-B2E1-9C809EAFD024}.Release|x64.ActiveCfg = Release|x64
		{C1C24219-54F0-3B65-B2E1-9C809EAFD024}.Release|x64.Build.0 = Release|x64
		{C1C24219-54F0-3B65-B2E1-9C809EAFD024}.MinSizeRel|x64.ActiveCfg = MinSizeRel|x64
		{C1C24219-54F0-3B65-B2E1-9C809EAFD024}.MinSizeRel|x64.Build.0 = MinSizeRel|x64
		{C1C24219-54F0-3B65-B2E1-9C809EAFD024}.RelWithDebInfo|x64.ActiveCfg = RelWithDebInfo|x64
		{C1C24219-54F0-3B65-B2E1-9C809EAFD024}.RelWithDebInfo|x64.Build.0 = RelWithDebInfo|x64
		{CB8FDAD7-3058-3DB9-9F4E-DD1B6E219E59}.Debug|x64.ActiveCfg = Debug|x64
		{CB8FDAD7-3058-3DB9-9F4E-DD1B6E219E59}.Debug|x64.Build.0 = Debug|x64
		{CB8FDAD7-3058-3DB9-9F4E-DD1B6E219E59}.Release|x64.ActiveCfg = Release|x64
		{CB8FDAD7-3058-3DB9-9F4E-DD1B6E219E59}.Release|x64.Build.0 = Release|x64
		{CB8FDAD7-3058-3DB9-9F4E-DD1B6E219E59}.MinSizeRel|x64.ActiveCfg = MinSizeRel|x64
		{CB8FDAD7-3058-3DB9-9F4E-DD1B6E219E59}.MinSizeRel|x64.Build.0 = MinSizeRel|x64
		{CB8FDAD7-3058-3DB9-9F4E-DD1B6E219E59}.RelWithDebInfo|x64.ActiveCfg = RelWithDebInfo|x64
		{CB8FDAD7-3058-3DB9-9F4E-DD1B6E219E59}.RelWithDebInfo|x64.Build.0 = RelWithDebInfo|x64
		{9BB177B5-D4FE-32E6-99BB-3E21BA05E5D5}.Debug|x64.ActiveCfg = Debug|x64
		{9BB177B5-D4FE-32E6-99BB-3E21BA05E5D5}.Debug|x64.Build.0 = Debug|x64
		{9BB177B5-D4FE-32E6-99BB-3E21BA05E5D5}.Release|x64.ActiveCfg = Release|x64
		{9BB177B5-D4FE-32E6-99BB-3E21BA05E5D5}.Release|x64.Build.0 = Release|x64
		{9BB177B5-D4FE-32E6-99BB-3E21BA05E5D5}.MinSizeRel|x64.ActiveCfg = MinSizeRel|x64
		{9BB177B5-D4FE-32E6-99BB-3E21BA05E5D5}.MinSizeRel|x64.Build.0 = MinSizeRel|x64
		{9BB177B5-D4FE-32E6-99BB-3E21BA05E5D5}.RelWithDebInfo|x64.ActiveCfg = RelWithDebInfo|x64
		{9BB177B5-D4FE-32E6-99BB-3E21BA05E5D5}.RelWithDebInfo|x64.Build.0 = RelWithDebInfo|x64
		{467002BC-1F5C-365E-95E5-8EDA38B02B3C}.Debug|x64.ActiveCfg = Debug|x64
		{467002BC-1F5C-365E-95E5-8EDA38B02B3C}.Debug|x64.Build.0 = Debug|x64
		{467002BC-1F5C-365E-95E5-8EDA38B02B3C}.Release|x64.ActiveCfg = Release|x64
		{467002BC-1F5C-365E-95E5-8EDA38B02B3C}.Release|x64.Build.0 = Release|x64
		{467002BC-1F5C-365E-95E5-8EDA38B02B3C}.MinSizeRel|x64.ActiveCfg = MinSizeRel|x64
		{467002BC-1F5C-365E-95E5-8EDA38B02B3C}.MinSizeRel|x64.Build.0 = MinSizeRel|x64
		{467002BC-1F5C-365E-95E5-8EDA38B02B3C}.RelWithDebInfo|x64.ActiveCfg = RelWithDebInfo|x64
		{467002BC-1F5C-365E-95E5-8EDA38B02B3C}.RelWithDebInfo|x64.Build.0 = RelWithDebInfo|x64
		{C16BD171-9DEC-311B-864A-53D92B978EE0}.Debug|x64.ActiveCfg = Debug|x64
		{C16BD171-9DEC-311B-864A-53D92B978EE0}.Debug|x64.Build.0 = Debug|x64
		{C16BD171-9DEC-311B-864A-53D92B978EE0}.Release|x64.ActiveCfg = Release|x64
		{C16BD171-9DEC-311B-864A-53D92B978EE0}.Release|x64.Build.0 = Release|x64
		{C16BD171-9DEC-311B-864A-53D92B978EE0}.MinSizeRel|x64.ActiveCfg = MinSizeRel|x64
		{C16BD171-9DEC-311B-864A-53D92B978EE0}.MinSizeRel|x64.Build.0 = MinSizeRel|x64
		{C16BD171-9DEC-311B-864A-53D92B978EE0}.RelWithDebInfo|x64.ActiveCfg = RelWithDebInfo|x64
		{C16BD171-9DEC-311B-864A-53D92B978EE0}.RelWithDebInfo|x64.Build.0 = RelWithDebInfo|x64
		{55B8EAB0-E8DC-32A3-AE4D-C56885F7E21A}.Debug|x64.ActiveCfg = Debug|x64
		{55B8EAB0-E8DC-32A3-AE4D-C56885F7E21A}.Debug|x64.Build.0 = Debug|x64
		{55B8EAB0-E8DC-32A3-AE4D-C56885F7E21A}.Release|x64.ActiveCfg = Release|x64
		{55B8EAB0-E8DC-32A3-AE4D-C56885F7E21A}.Release|x64.Build.0 = Release|x64
		{55B8EAB0-E8DC-32A3-AE4D-C56885F7E21A}.MinSizeRel|x64.ActiveCfg = MinSizeRel|x64
		{55B8EAB0-E8DC-32A3-AE4D-C56885F7E21A}.MinSizeRel|x64.Build.0 = MinSizeRel|x64
		{55B8EAB0-E8DC-32A3-AE4D-C56885F7E21A}.RelWithDebInfo|x64.ActiveCfg = RelWithDebInfo|x64
		{55B8EAB0-E8DC-32A3-AE4D-C56885F7E21A}.RelWithDebInfo|x64.Build.0 = RelWithDebInfo|x64
		{EB125B7D-5575-30CC-B74C-20FEB675944F}.Debug|x64.ActiveCfg = Debug|x64
		{EB125B7D-5575-30CC-B74C-20FEB675944F}.Debug|x64.Build.0 = Debug|x64
		{EB125B7D-5575-30CC-B74C-20FEB675944F}.Release|x64.ActiveCfg = Release|x64
		{EB125B7D-5575-30CC-B74C-20FEB675944F}.Release|x64.Build.0 = Release|x64
		{EB125B7D-5575-30CC-B74C-20FEB675944F}.MinSizeRel|x64.ActiveCfg = MinSizeRel|x64
		{EB125B7D-5575-30CC-B74C-20FEB675944F}.MinSizeRel|x64.Build.0 = MinSizeRel|x64
		{EB125B7D-5575-30CC-B74C-20FEB675944F}.RelWithDebInfo|x64.ActiveCfg = RelWithDebInfo|x64
		{EB125B7D-5575-30CC-B74C-20FEB675944F}.RelWithDebInfo|x64.Build.0 = RelWithDebInfo|x64
		{7DEC0979-6AD0-3D58-8312-EA0CC15DB2AE}.Debug|x64.ActiveCfg = Debug|x64
		{7DEC0979-6AD0-3D58-8312-EA0CC15DB2AE}.Debug|x64.Build.0 = Debug|x64
		{7DEC0979-6AD0-3D58-8312-EA0CC15DB2AE}.Release|x64.ActiveCfg = Release|x64
		{7DEC0979-6AD0-3D58-8312-EA0CC15DB2AE}.Release|x64.Build.0 = Release|x64
		{7DEC0979-6AD0-3D58-8312-EA0CC15DB2AE}.MinSizeRel|x64.ActiveCfg = MinSizeRel|x64
		{7DEC0979-6AD0-3D58-8312-EA0CC15DB2AE}.MinSizeRel|x64.Build.0 = MinSizeRel|x64
		{7DEC0979-6AD0-3D58-8312-EA0CC15DB2AE}.RelWithDebInfo|x64.ActiveCfg = RelWithDebInfo|x64
		{7DEC0979-6AD0-3D58-8312-EA0CC15DB2AE}.RelWithDebInfo|x64.Build.0 = RelWithDebInfo|x64
		{64DB2C59-76A5-39B6-9A4F-A5EF6EF20B36}.Debug|x64.ActiveCfg = Debug|x64
		{64DB2C59-76A5-39B6-9A4F-A5EF6EF20B36}.Debug|x64.Build.0 = Debug|x64
		{64DB2C59-76A5-39B6-9A4F-A5EF6EF20B36}.Release|x64.ActiveCfg = Release|x64
		{64DB2C59-76A5-39B6-9A4F-A5EF6EF20B36}.Release|x64.Build.0 = Release|x64
		{64DB2C59-76A5-39B6-9A4F-A5EF6EF20B36}.MinSizeRel|x64.ActiveCfg = MinSizeRel|x64
		{64DB2C59-76A5-39B6-9A4F-A5EF6EF20B36}.MinSizeRel|x64.Build.0 = MinSizeRel|x64
		{64DB2C59-76A5-39B6-9A4F-A5EF6EF20B36}.RelWithDebInfo|x64.ActiveCfg = RelWithDebInfo|x64
		{64DB2C59-76A5-39B6-9A4F-A5EF6EF20B36}.RelWithDebInfo|x64.Build.0 = RelWithDebInfo|x64
		{3B91E985-B592-3019-B276-AF970293C2D3}.Debug|x64.ActiveCfg = Debug|x64
		{3B91E985-B592-3019-B276-AF970293C2D3}.Debug|x64.Build.0 = Debug|x64
		{3B91E985-B592-3019-B276-AF970293C2D3}.Release|x64.ActiveCfg = Release|x64
		{3B91E985-B592-3019-B276-AF970293C2D3}.Release|x64.Build.0 = Release|x64
		{3B91E985-B592-3019-B276-AF970293C2D3}.MinSizeRel|x64.ActiveCfg = MinSizeRel|x64
		{3B91E985-B592-3019-B276-AF970293C2D3}.MinSizeRel|x64.Build.0 = MinSizeRel|x64
		{3B91E985-B592-3019-B276-AF970293C2D3}.RelWithDebInfo|x64.ActiveCfg = RelWithDebInfo|x64
		{3B91E985-B592-3019-B276-AF970293C2D3}.RelWithDebInfo|x64.Build.0 = RelWithDebInfo|x64
		{55F0F92E-8120-36DF-ACBE-F23B9FB1ECDB}.Debug|x64.ActiveCfg = Debug|x64
		{55F0F92E-8120-36DF-ACBE-F23B9FB1ECDB}.Debug|x64.Build.0 = Debug|x64
		{55F0F92E-8120-36DF-ACBE-F23B9FB1ECDB}.Release|x64.ActiveCfg = Release|x64
		{55F0F92E-8120-36DF-ACBE-F23B9FB1ECDB}.Release|x64.Build.0 = Release|x64
		{55F0F92E-8120-36DF-ACBE-F23B9FB1ECDB}.MinSizeRel|x64.ActiveCfg = MinSizeRel|x64
		{55F0F92E-8120-36DF-ACBE-F23B9FB1ECDB}.MinSizeRel|x64.Build.0 = MinSizeRel|x64
		{55F0F92E-8120-36DF-ACBE-F23B9FB1ECDB}.RelWithDebInfo|x64.ActiveCfg = RelWithDebInfo|x64
		{55F0F92E-8120-36DF-ACBE-F23B9FB1ECDB}.RelWithDebInfo|x64.Build.0 = RelWithDebInfo|x64
		{C8617B2C-21AA-3209-9C6A-4EBCC3D3112A}.Debug|x64.ActiveCfg = Debug|x64
		{C8617B2C-21AA-3209-9C6A-4EBCC3D3112A}.Debug|x64.Build.0 = Debug|x64
		{C8617B2C-21AA-3209-9C6A-4EBCC3D3112A}.Release|x64.ActiveCfg = Release|x64
		{C8617B2C-21AA-3209-9C6A-4EBCC3D3112A}.Release|x64.Build.0 = Release|x64
		{C8617B2C-21AA-3209-9C6A-4EBCC3D3112A}.MinSizeRel|x64.ActiveCfg = MinSizeRel|x64
		{C8617B2C-21AA-3209-9C6A-4EBCC3D3112A}.MinSizeRel|x64.Build.0 = MinSizeRel|x64
		{C8617B2C-21AA-3209-9C6A-4EBCC3D3112A}.RelWithDebInfo|x64.ActiveCfg = RelWithDebInfo|x64
		{C8617B2C-21AA-3209-9C6A-4EBCC3D3112A}.RelWithDebInfo|x64.Build.0 = RelWithDebInfo|x64
		{BD388352-DCFC-3938-A4A1-CCA3C6658204}.Debug|x64.ActiveCfg = Debug|x64
		{BD388352-DCFC-3938-A4A1-CCA3C6658204}.Debug|x64.Build.0 = Debug|x64
		{BD388352-DCFC-3938-A4A1-CCA3C6658204}.Release|x64.ActiveCfg = Release|x64
		{BD388352-DCFC-3938-A4A1-CCA3C6658204}.Release|x64.Build.0 = Release|x64
		{BD388352-DCFC-3938-A4A1-CCA3C6658204}.MinSizeRel|x64.ActiveCfg = MinSizeRel|x64
		{BD388352-DCFC-3938-A4A1-CCA3C6658204}.MinSizeRel|x64.Build.0 = MinSizeRel|x64
		{BD388352-DCFC-3938-A4A1-CCA3C6658204}.RelWithDebInfo|x64.ActiveCfg = RelWithDebInfo|x64
		{BD388352-DCFC-3938-A4A1-CCA3C6658204}.RelWithDebInfo|x64.Build.0 = RelWithDebInfo|x64
		{11242D54-1A73-3B3B-9668-2C68658C579B}.Debug|x64.ActiveCfg = Debug|x64
		{11242D54-1A73-3B3B-9668-2C68658C579B}.Debug|x64.Build.0 = Debug|x64
		{11242D54-1A73-3B3B-9668-2C68658C579B}.Release|x64.ActiveCfg = Release|x64
		{11242D54-1A73-3B3B-9668-2C68658C579B}.Release|x64.Build.0 = Release|x64
		{11242D54-1A73-3B3B-9668-2C68658C579B}.MinSizeRel|x64.ActiveCfg = MinSizeRel|x64
		{11242D54-1A73-3B3B-9668-2C68658C579B}.MinSizeRel|x64.Build.0 = MinSizeRel|x64
		{11242D54-1A73-3B3B-9668-2C68658C579B}.RelWithDebInfo|x64.ActiveCfg = RelWithDebInfo|x64
		{11242D54-1A73-3B3B-9668-2C68658C579B}.RelWithDebInfo|x64.Build.0 = RelWithDebInfo|x64
		{E7F80AE8-3B45-34DC-88C9-C977C52D92C4}.Debug|x64.ActiveCfg = Debug|x64
		{E7F80AE8-3B45-34DC-88C9-C977C52D92C4}.Debug|x64.Build.0 = Debug|x64
		{E7F80AE8-3B45-34DC-88C9-C977C52D92C4}.Release|x64.ActiveCfg = Release|x64
		{E7F80AE8-3B45-34DC-88C9-C977C52D92C4}.Release|x64.Build.0 = Release|x64
		{E7F80AE8-3B45-34DC-88C9-C977C52D92C4}.MinSizeRel|x64.ActiveCfg = MinSizeRel|x64
		{E7F80AE8-3B45-34DC-88C9-C977C52D92C4}.MinSizeRel|x64.Build.0 = MinSizeRel|x64
		{E7F80AE8-3B45-34DC-88C9-C977C52D92C4}.RelWithDebInfo|x64.ActiveCfg = RelWithDebInfo|x64
		{E7F80AE8-3B45-34DC-88C9-C977C52D92C4}.RelWithDebInfo|x64.Build.0 = RelWithDebInfo|x64
		{7E147781-2D7C-3216-A9AF-514C717DC53E}.Debug|x64.ActiveCfg = Debug|x64
		{7E147781-2D7C-3216-A9AF-514C717DC53E}.Debug|x64.Build.0 = Debug|x64
		{7E147781-2D7C-3216-A9AF-514C717DC53E}.Release|x64.ActiveCfg = Release|x64
		{7E147781-2D7C-3216-A9AF-514C717DC53E}.Release|x64.Build.0 = Release|x64
		{7E147781-2D7C-3216-A9AF-514C717DC53E}.MinSizeRel|x64.ActiveCfg = MinSizeRel|x64
		{7E147781-2D7C-3216-A9AF-514C717DC53E}.MinSizeRel|x64.Build.0 = MinSizeRel|x64
		{7E147781-2D7C-3216-A9AF-514C717DC53E}.RelWithDebInfo|x64.ActiveCfg = RelWithDebInfo|x64
		{7E147781-2D7C-3216-A9AF-514C717DC53E}.RelWithDebInfo|x64.Build.0 = RelWithDebInfo|x64
		{B4BEFCC0-8B6A-3678-B547-BCEAEC33E08C}.Debug|x64.ActiveCfg = Debug|x64
		{B4BEFCC0-8B6A-3678-B547-BCEAEC33E08C}.Debug|x64.Build.0 = Debug|x64
		{B4BEFCC0-8B6A-3678-B547-BCEAEC33E08C}.Release|x64.ActiveCfg = Release|x64
		{B4BEFCC0-8B6A-3678-B547-BCEAEC33E08C}.Release|x64.Build.0 = Release|x64
		{B4BEFCC0-8B6A-3678-B547-BCEAEC33E08C}.MinSizeRel|x64.ActiveCfg = MinSizeRel|x64
		{B4BEFCC0-8B6A-3678-B547-BCEAEC33E08C}.MinSizeRel|x64.Build.0 = MinSizeRel|x64
		{B4BEFCC0-8B6A-3678-B547-BCEAEC33E08C}.RelWithDebInfo|x64.ActiveCfg = RelWithDebInfo|x64
		{B4BEFCC0-8B6A-3678-B547-BCEAEC33E08C}.RelWithDebInfo|x64.Build.0 = RelWithDebInfo|x64
		{996DE0F7-64A0-3EB4-B9D2-BCCD091BA663}.Debug|x64.ActiveCfg = Debug|x64
		{996DE0F7-64A0-3EB4-B9D2-BCCD091BA663}.Debug|x64.Build.0 = Debug|x64
		{996DE0F7-64A0-3EB4-B9D2-BCCD091BA663}.Release|x64.ActiveCfg = Release|x64
		{996DE0F7-64A0-3EB4-B9D2-BCCD091BA663}.Release|x64.Build.0 = Release|x64
		{996DE0F7-64A0-3EB4-B9D2-BCCD091BA663}.MinSizeRel|x64.ActiveCfg = MinSizeRel|x64
		{996DE0F7-64A0-3EB4-B9D2-BCCD091BA663}.MinSizeRel|x64.Build.0 = MinSizeRel|x64
		{996DE0F7-64A0-3EB4-B9D2-BCCD091BA663}.RelWithDebInfo|x64.ActiveCfg = RelWithDebInfo|x64
		{996DE0F7-64A0-3EB4-B9D2-BCCD091BA663}.RelWithDebInfo|x64.Build.0 = RelWithDebInfo|x64
		{D47F8AAF-1624-3F34-B8A6-AC6C38AD7393}.Debug|x64.ActiveCfg = Debug|x64
		{D47F8AAF-1624-3F34-B8A6-AC6C38AD7393}.Debug|x64.Build.0 = Debug|x64
		{D47F8AAF-1624-3F34-B8A6-AC6C38AD7393}.Release|x64.ActiveCfg = Release|x64
		{D47F8AAF-1624-3F34-B8A6-AC6C38AD7393}.Release|x64.Build.0 = Release|x64
		{D47F8AAF-1624-3F34-B8A6-AC6C38AD7393}.MinSizeRel|x64.ActiveCfg = MinSizeRel|x64
		{D47F8AAF-1624-3F34-B8A6-AC6C38AD7393}.MinSizeRel|x64.Build.0 = MinSizeRel|x64
		{D47F8AAF-1624-3F34-B8A6-AC6C38AD7393}.RelWithDebInfo|x64.ActiveCfg = RelWithDebInfo|x64
		{D47F8AAF-1624-3F34-B8A6-AC6C38AD7393}.RelWithDebInfo|x64.Build.0 = RelWithDebInfo|x64
		{67D85CF7-6FDA-3205-B3D8-7A06112E2BBA}.Debug|x64.ActiveCfg = Debug|x64
		{67D85CF7-6FDA-3205-B3D8-7A06112E2BBA}.Debug|x64.Build.0 = Debug|x64
		{67D85CF7-6FDA-3205-B3D8-7A06112E2BBA}.Release|x64.ActiveCfg = Release|x64
		{67D85CF7-6FDA-3205-B3D8-7A06112E2BBA}.Release|x64.Build.0 = Release|x64
		{67D85CF7-6FDA-3205-B3D8-7A06112E2BBA}.MinSizeRel|x64.ActiveCfg = MinSizeRel|x64
		{67D85CF7-6FDA-3205-B3D8-7A06112E2BBA}.MinSizeRel|x64.Build.0 = MinSizeRel|x64
		{67D85CF7-6FDA-3205-B3D8-7A06112E2BBA}.RelWithDebInfo|x64.ActiveCfg = RelWithDebInfo|x64
		{67D85CF7-6FDA-3205-B3D8-7A06112E2BBA}.RelWithDebInfo|x64.Build.0 = RelWithDebInfo|x64
		{7B02E0EF-4F26-3CB2-B7F5-287776335CFF}.Debug|x64.ActiveCfg = Debug|x64
		{7B02E0EF-4F26-3CB2-B7F5-287776335CFF}.Debug|x64.Build.0 = Debug|x64
		{7B02E0EF-4F26-3CB2-B7F5-287776335CFF}.Release|x64.ActiveCfg = Release|x64
		{7B02E0EF-4F26-3CB2-B7F5-287776335CFF}.Release|x64.Build.0 = Release|x64
		{7B02E0EF-4F26-3CB2-B7F5-287776335CFF}.MinSizeRel|x64.ActiveCfg = MinSizeRel|x64
		{7B02E0EF-4F26-3CB2-B7F5-287776335CFF}.MinSizeRel|x64.Build.0 = MinSizeRel|x64
		{7B02E0EF-4F26-3CB2-B7F5-287776335CFF}.RelWithDebInfo|x64.ActiveCfg = RelWithDebInfo|x64
		{7B02E0EF-4F26-3CB2-B7F5-287776335CFF}.RelWithDebInfo|x64.Build.0 = RelWithDebInfo|x64
		{F373D674-AFB5-3BDC-9903-02D0E862CDD6}.Debug|x64.ActiveCfg = Debug|x64
		{F373D674-AFB5-3BDC-9903-02D0E862CDD6}.Debug|x64.Build.0 = Debug|x64
		{F373D674-AFB5-3BDC-9903-02D0E862CDD6}.Release|x64.ActiveCfg = Release|x64
		{F373D674-AFB5-3BDC-9903-02D0E862CDD6}.Release|x64.Build.0 = Release|x64
		{F373D674-AFB5-3BDC-9903-02D0E862CDD6}.MinSizeRel|x64.ActiveCfg = MinSizeRel|x64
		{F373D674-AFB5-3BDC-9903-02D0E862CDD6}.MinSizeRel|x64.Build.0 = MinSizeRel|x64
		{F373D674-AFB5-3BDC-9903-02D0E862CDD6}.RelWithDebInfo|x64.ActiveCfg = RelWithDebInfo|x64
		{F373D674-AFB5-3BDC-9903-02D0E862CDD6}.RelWithDebInfo|x64.Build.0 = RelWithDebInfo|x64
		{A22D8438-5BAD-3B4E-9DC6-BB7A9AAB27FC}.Debug|x64.ActiveCfg = Debug|x64
		{A22D8438-5BAD-3B4E-9DC6-BB7A9AAB27FC}.Debug|x64.Build.0 = Debug|x64
		{A22D8438-5BAD-3B4E-9DC6-BB7A9AAB27FC}.Release|x64.ActiveCfg = Release|x64
		{A22D8438-5BAD-3B4E-9DC6-BB7A9AAB27FC}.Release|x64.Build.0 = Release|x64
		{A22D8438-5BAD-3B4E-9DC6-BB7A9AAB27FC}.MinSizeRel|x64.ActiveCfg = MinSizeRel|x64
		{A22D8438-5BAD-3B4E-9DC6-BB7A9AAB27FC}.MinSizeRel|x64.Build.0 = MinSizeRel|x64
		{A22D8438-5BAD-3B4E-9DC6-BB7A9AAB27FC}.RelWithDebInfo|x64.ActiveCfg = RelWithDebInfo|x64
		{A22D8438-5BAD-3B4E-9DC6-BB7A9AAB27FC}.RelWithDebInfo|x64.Build.0 = RelWithDebInfo|x64
		{DA081244-6DE0-3391-987A-7F9EEC9DEE95}.Debug|x64.ActiveCfg = Debug|x64
		{DA081244-6DE0-3391-987A-7F9EEC9DEE95}.Debug|x64.Build.0 = Debug|x64
		{DA081244-6DE0-3391-987A-7F9EEC9DEE95}.Release|x64.ActiveCfg = Release|x64
		{DA081244-6DE0-3391-987A-7F9EEC9DEE95}.Release|x64.Build.0 = Release|x64
		{DA081244-6DE0-3391-987A-7F9EEC9DEE95}.MinSizeRel|x64.ActiveCfg = MinSizeRel|x64
		{DA081244-6DE0-3391-987A-7F9EEC9DEE95}.MinSizeRel|x64.Build.0 = MinSizeRel|x64
		{DA081244-6DE0-3391-987A-7F9EEC9DEE95}.RelWithDebInfo|x64.ActiveCfg = RelWithDebInfo|x64
		{DA081244-6DE0-3391-987A-7F9EEC9DEE95}.RelWithDebInfo|x64.Build.0 = RelWithDebInfo|x64
		{53BD0B34-C42F-34F4-97E4-79F27227CDF1}.Debug|x64.ActiveCfg = Debug|x64
		{53BD0B34-C42F-34F4-97E4-79F27227CDF1}.Debug|x64.Build.0 = Debug|x64
		{53BD0B34-C42F-34F4-97E4-79F27227CDF1}.Release|x64.ActiveCfg = Release|x64
		{53BD0B34-C42F-34F4-97E4-79F27227CDF1}.Release|x64.Build.0 = Release|x64
		{53BD0B34-C42F-34F4-97E4-79F27227CDF1}.MinSizeRel|x64.ActiveCfg = MinSizeRel|x64
		{53BD0B34-C42F-34F4-97E4-79F27227CDF1}.MinSizeRel|x64.Build.0 = MinSizeRel|x64
		{53BD0B34-C42F-34F4-97E4-79F27227CDF1}.RelWithDebInfo|x64.ActiveCfg = RelWithDebInfo|x64
		{53BD0B34-C42F-34F4-97E4-79F27227CDF1}.RelWithDebInfo|x64.Build.0 = RelWithDebInfo|x64
		{B18ED66E-CD29-3FE1-99A5-428E8F744265}.Debug|x64.ActiveCfg = Debug|x64
		{B18ED66E-CD29-3FE1-99A5-428E8F744265}.Debug|x64.Build.0 = Debug|x64
		{B18ED66E-CD29-3FE1-99A5-428E8F744265}.Release|x64.ActiveCfg = Release|x64
		{B18ED66E-CD29-3FE1-99A5-428E8F744265}.Release|x64.Build.0 = Release|x64
		{B18ED66E-CD29-3FE1-99A5-428E8F744265}.MinSizeRel|x64.ActiveCfg = MinSizeRel|x64
		{B18ED66E-CD29-3FE1-99A5-428E8F744265}.MinSizeRel|x64.Build.0 = MinSizeRel|x64
		{B18ED66E-CD29-3FE1-99A5-428E8F744265}.RelWithDebInfo|x64.ActiveCfg = RelWithDebInfo|x64
		{B18ED66E-CD29-3FE1-99A5-428E8F744265}.RelWithDebInfo|x64.Build.0 = RelWithDebInfo|x64
		{48D87D8B-2138-3353-A4C1-69625BAE9EF1}.Debug|x64.ActiveCfg = Debug|x64
		{48D87D8B-2138-3353-A4C1-69625BAE9EF1}.Debug|x64.Build.0 = Debug|x64
		{48D87D8B-2138-3353-A4C1-69625BAE9EF1}.Release|x64.ActiveCfg = Release|x64
		{48D87D8B-2138-3353-A4C1-69625BAE9EF1}.Release|x64.Build.0 = Release|x64
		{48D87D8B-2138-3353-A4C1-69625BAE9EF1}.MinSizeRel|x64.ActiveCfg = MinSizeRel|x64
		{48D87D8B-2138-3353-A4C1-69625BAE9EF1}.MinSizeRel|x64.Build.0 = MinSizeRel|x64
		{48D87D8B-2138-3353-A4C1-69625BAE9EF1}.RelWithDebInfo|x64.ActiveCfg = RelWithDebInfo|x64
		{48D87D8B-2138-3353-A4C1-69625BAE9EF1}.RelWithDebInfo|x64.Build.0 = RelWithDebInfo|x64
		{D924C4B0-6DFB-3593-ACF8-2D4F021BA001}.Debug|x64.ActiveCfg = Debug|x64
		{D924C4B0-6DFB-3593-ACF8-2D4F021BA001}.Release|x64.ActiveCfg = Release|x64
		{D924C4B0-6DFB-3593-ACF8-2D4F021BA001}.MinSizeRel|x64.ActiveCfg = MinSizeRel|x64
		{D924C4B0-6DFB-3593-ACF8-2D4F021BA001}.RelWithDebInfo|x64.ActiveCfg = RelWithDebInfo|x64
	EndGlobalSection
	GlobalSection(NestedProjects) = preSolution
		{A8048B9C-A240-360C-B849-774B70BF5281} = {1149E76D-3E0E-35EE-B21D-1546196A0C30}
		{CC601F2E-61D4-3C74-AD05-D37C49DE38B7} = {1149E76D-3E0E-35EE-B21D-1546196A0C30}
		{A0D774A7-BCCC-3E3F-A63C-EE6208E92A3A} = {1149E76D-3E0E-35EE-B21D-1546196A0C30}
	EndGlobalSection
	GlobalSection(ExtensibilityGlobals) = postSolution
		SolutionGuid = {9952E7E2-BE9B-3161-9421-F799FB081B6F}
	EndGlobalSection
	GlobalSection(ExtensibilityAddIns) = postSolution
	EndGlobalSection
EndGlobal
