<?xml version="1.0" encoding="utf-8"?>
<Project ToolsVersion="17.0" xmlns="http://schemas.microsoft.com/developer/msbuild/2003">
  <ItemGroup>
    <ClCompile Include="D:\dev\Engine\build-release\core\CMakeFiles\engine_core.dir\cmake_pch.cxx">
      <Filter>Source Files</Filter>
    </ClCompile>
    <ClCompile Include="D:\dev\Engine\core\src\bootstrap.cpp">
      <Filter>Source Files</Filter>
    </ClCompile>
    <ClCompile Include="D:\dev\Engine\core\src\console.cpp">
      <Filter>Source Files</Filter>
    </ClCompile>
    <ClCompile Include="D:\dev\Engine\core\src\cvar.cpp">
      <Filter>Source Files</Filter>
    </ClCompile>
    <ClCompile Include="D:\dev\Engine\core\src\debug_draw.cpp">
      <Filter>Source Files</Filter>
    </ClCompile>
    <ClCompile Include="D:\dev\Engine\core\src\engine_stats.cpp">
      <Filter>Source Files</Filter>
    </ClCompile>
    <ClCompile Include="D:\dev\Engine\core\src\event_bus.cpp">
      <Filter>Source Files</Filter>
    </ClCompile>
    <ClCompile Include="D:\dev\Engine\core\src\input.cpp">
      <Filter>Source Files</Filter>
    </ClCompile>
    <ClCompile Include="D:\dev\Engine\core\src\json.cpp">
      <Filter>Source Files</Filter>
    </ClCompile>
    <ClCompile Include="D:\dev\Engine\core\src\job_system.cpp">
      <Filter>Source Files</Filter>
    </ClCompile>
    <ClCompile Include="D:\dev\Engine\core\src\linear_allocator.cpp">
      <Filter>Source Files</Filter>
    </ClCompile>
    <ClCompile Include="D:\dev\Engine\core\src\logging.cpp">
      <Filter>Source Files</Filter>
    </ClCompile>
    <ClCompile Include="D:\dev\Engine\core\src\platform.cpp">
      <Filter>Source Files</Filter>
    </ClCompile>
    <ClCompile Include="D:\dev\Engine\core\src\profiler.cpp">
      <Filter>Source Files</Filter>
    </ClCompile>
    <ClCompile Include="D:\dev\Engine\core\src\reflect.cpp">
      <Filter>Source Files</Filter>
    </ClCompile>
    <ClCompile Include="D:\dev\Engine\core\src\vfs.cpp">
      <Filter>Source Files</Filter>
    </ClCompile>
  </ItemGroup>
  <ItemGroup>
    <ClInclude Include="D:\dev\Engine\build-release\core\CMakeFiles\engine_core.dir\Debug\cmake_pch.hxx">
      <Filter>Precompile Header File</Filter>
    </ClInclude>
    <ClInclude Include="D:\dev\Engine\build-release\core\CMakeFiles\engine_core.dir\Release\cmake_pch.hxx">
      <Filter>Precompile Header File</Filter>
    </ClInclude>
    <ClInclude Include="D:\dev\Engine\build-release\core\CMakeFiles\engine_core.dir\MinSizeRel\cmake_pch.hxx">
      <Filter>Precompile Header File</Filter>
    </ClInclude>
    <ClInclude Include="D:\dev\Engine\build-release\core\CMakeFiles\engine_core.dir\RelWithDebInfo\cmake_pch.hxx">
      <Filter>Precompile Header File</Filter>
    </ClInclude>
  </ItemGroup>
  <ItemGroup>
    <CustomBuild Include="D:\dev\Engine\core\CMakeLists.txt" />
  </ItemGroup>
  <ItemGroup>
    <Filter Include="Precompile Header File">
      <UniqueIdentifier>{BC122D09-D081-37C2-B8F0-697138E71025}</UniqueIdentifier>
    </Filter>
    <Filter Include="Source Files">
      <UniqueIdentifier>{A1EF6252-D950-3707-8264-7D676B5FF6DD}</UniqueIdentifier>
    </Filter>
  </ItemGroup>
</Project>
