<?xml version="1.0" encoding="utf-8"?>
<Project ToolsVersion="17.0" xmlns="http://schemas.microsoft.com/developer/msbuild/2003">
  <ItemGroup>
    <CustomBuild Include="D:\dev\Engine\build-release\CMakeFiles\064f26ab0e7c9a7ba44d59a11e07834c\RUN_TESTS_force.rule">
      <Filter>CMake Rules</Filter>
    </CustomBuild>
  </ItemGroup>
  <ItemGroup>
    <Filter Include="CMake Rules">
      <UniqueIdentifier>{871DB3CE-E8E5-3610-8D16-2D9D8D294598}</UniqueIdentifier>
    </Filter>
  </ItemGroup>
</Project>
